// !$*UTF8*$!
{
	archiveVersion = 1;
	classes = {
	};
	objectVersion = 48;
	objects = {

/* Begin PBXBuildFile section */
		130A0EC5226F4903002D5882 /* MRSelectLocationViewController.swift in Sources */ = {isa = PBXBuildFile; fileRef = 130A0EC4226F4903002D5882 /* MRSelectLocationViewController.swift */; };
		1325142D224289830002315C /* MusicRoomProvider.swift in Sources */ = {isa = PBXBuildFile; fileRef = 1325142C224289830002315C /* MusicRoomProvider.swift */; };
		133A5D452271CB2900193930 /* LocationManager.swift in Sources */ = {isa = PBXBuildFile; fileRef = 133A5D442271CB2900193930 /* LocationManager.swift */; };
		133A5D482271DD7F00193930 /* Map.storyboard in Resources */ = {isa = PBXBuildFile; fileRef = 133A5D472271DD7F00193930 /* Map.storyboard */; };
		133A5D4A2271DDCC00193930 /* RouteViewController.swift in Sources */ = {isa = PBXBuildFile; fileRef = 133A5D492271DDCC00193930 /* RouteViewController.swift */; };
		133A5D4C227201A700193930 /* NavigationManager+Map.swift in Sources */ = {isa = PBXBuildFile; fileRef = 133A5D4B227201A700193930 /* NavigationManager+Map.swift */; };
		134A582B2273518700B2D068 /* ListViewController.swift in Sources */ = {isa = PBXBuildFile; fileRef = 134A582A2273518700B2D068 /* ListViewController.swift */; };
		134A582D227351FE00B2D068 /* Base.storyboard in Resources */ = {isa = PBXBuildFile; fileRef = 134A582C227351FE00B2D068 /* Base.storyboard */; };
		134A582F227354F200B2D068 /* NavigationManager+Base.swift in Sources */ = {isa = PBXBuildFile; fileRef = 134A582E227354F200B2D068 /* NavigationManager+Base.swift */; };
		136C46472270717C006C0796 /* LocationSearchViewController.swift in Sources */ = {isa = PBXBuildFile; fileRef = 136C46462270717C006C0796 /* LocationSearchViewController.swift */; };
		136C4649227086B2006C0796 /* addressCell.swift in Sources */ = {isa = PBXBuildFile; fileRef = 136C4648227086B2006C0796 /* addressCell.swift */; };
		136C464B227086BD006C0796 /* addressCell.xib in Resources */ = {isa = PBXBuildFile; fileRef = 136C464A227086BD006C0796 /* addressCell.xib */; };
		13C36AF0227358AA0049D242 /* DeezerTrackOption.swift in Sources */ = {isa = PBXBuildFile; fileRef = 13C36AEF227358AA0049D242 /* DeezerTrackOption.swift */; };
		13C6843F226F3660005D7E90 /* accountCell.swift in Sources */ = {isa = PBXBuildFile; fileRef = 13C6843E226F3660005D7E90 /* accountCell.swift */; };
		13C68441226F3668005D7E90 /* accountCell.xib in Resources */ = {isa = PBXBuildFile; fileRef = 13C68440226F3668005D7E90 /* accountCell.xib */; };
		39A30FFF0726F8C735FF5183 /* Pods_MusicRoom.framework in Frameworks */ = {isa = PBXBuildFile; fileRef = 786ECFACAF68F175856DA16F /* Pods_MusicRoom.framework */; };
		840052A522626F060018CD1A /* APIUserModel.swift in Sources */ = {isa = PBXBuildFile; fileRef = 840052A422626F060018CD1A /* APIUserModel.swift */; };
		8411977022397DBD00588A1C /* AppDelegate.swift in Sources */ = {isa = PBXBuildFile; fileRef = 8411976F22397DBD00588A1C /* AppDelegate.swift */; };
		8411977522397DBD00588A1C /* Entry.storyboard in Resources */ = {isa = PBXBuildFile; fileRef = 8411977322397DBD00588A1C /* Entry.storyboard */; };
		8411977722397DC000588A1C /* Assets.xcassets in Resources */ = {isa = PBXBuildFile; fileRef = 8411977622397DC000588A1C /* Assets.xcassets */; };
		841C6FDB226FB75E00628BC5 /* DateExtension.swift in Sources */ = {isa = PBXBuildFile; fileRef = 841C6FDA226FB75E00628BC5 /* DateExtension.swift */; };
		841F943622627C0200512484 /* PlaylistModel.swift in Sources */ = {isa = PBXBuildFile; fileRef = 841F943522627C0200512484 /* PlaylistModel.swift */; };
		841F943822627C3200512484 /* APIPlaylistModel.swift in Sources */ = {isa = PBXBuildFile; fileRef = 841F943722627C3200512484 /* APIPlaylistModel.swift */; };
		841F943A22627CC500512484 /* API.swift in Sources */ = {isa = PBXBuildFile; fileRef = 841F943922627CC500512484 /* API.swift */; };
		8423A58F226E40A000AA4EE1 /* GradientBackground.swift in Sources */ = {isa = PBXBuildFile; fileRef = 8423A58E226E40A000AA4EE1 /* GradientBackground.swift */; };
		8423A596226E672400AA4EE1 /* playlistSettingsCell.swift in Sources */ = {isa = PBXBuildFile; fileRef = 8423A595226E672400AA4EE1 /* playlistSettingsCell.swift */; };
		8423A598226E672D00AA4EE1 /* playlistSettingsCell.xib in Resources */ = {isa = PBXBuildFile; fileRef = 8423A597226E672D00AA4EE1 /* playlistSettingsCell.xib */; };
		843DBD0A227728550022E7B8 /* DeezerTracks.swift in Sources */ = {isa = PBXBuildFile; fileRef = 843DBD09227728550022E7B8 /* DeezerTracks.swift */; };
		843DBD102277B1500022E7B8 /* VoteController.swift in Sources */ = {isa = PBXBuildFile; fileRef = 843DBD0F2277B1500022E7B8 /* VoteController.swift */; };
		843DBD1222782DCC0022E7B8 /* MRPlaylistEditViewController.swift in Sources */ = {isa = PBXBuildFile; fileRef = 843DBD1122782DCC0022E7B8 /* MRPlaylistEditViewController.swift */; };
		843DBD14227855730022E7B8 /* editTrackCell.swift in Sources */ = {isa = PBXBuildFile; fileRef = 843DBD13227855730022E7B8 /* editTrackCell.swift */; };
		843DBD162278557C0022E7B8 /* editTrackCell.xib in Resources */ = {isa = PBXBuildFile; fileRef = 843DBD152278557C0022E7B8 /* editTrackCell.xib */; };
		844052EA2275FEDC0043615B /* LocationListViewController.swift in Sources */ = {isa = PBXBuildFile; fileRef = 844052E92275FEDC0043615B /* LocationListViewController.swift */; };
		844052EE227646130043615B /* CGPointExtension.swift in Sources */ = {isa = PBXBuildFile; fileRef = 844052ED227646130043615B /* CGPointExtension.swift */; };
		8451FAAE22651ADA00788FC8 /* MusicRoom.storyboard in Resources */ = {isa = PBXBuildFile; fileRef = 8451FAAD22651ADA00788FC8 /* MusicRoom.storyboard */; };
		8451FAB222651B2200788FC8 /* MRPlaylistViewController.swift in Sources */ = {isa = PBXBuildFile; fileRef = 8451FAB122651B2200788FC8 /* MRPlaylistViewController.swift */; };
		8451FAB422651B9400788FC8 /* MusicRoomSettingsViewController.swift in Sources */ = {isa = PBXBuildFile; fileRef = 8451FAB322651B9400788FC8 /* MusicRoomSettingsViewController.swift */; };
		8451FAB622651CE600788FC8 /* NavigationManager+MusicRoom.swift in Sources */ = {isa = PBXBuildFile; fileRef = 8451FAB522651CE600788FC8 /* NavigationManager+MusicRoom.swift */; };
		8451FAB82265211200788FC8 /* MRPlaylistListViewController.swift in Sources */ = {isa = PBXBuildFile; fileRef = 8451FAB72265211200788FC8 /* MRPlaylistListViewController.swift */; };
		8451FABA2265221400788FC8 /* NavigationManager+Deezer.swift in Sources */ = {isa = PBXBuildFile; fileRef = 8451FAB92265221400788FC8 /* NavigationManager+Deezer.swift */; };
		8451FABC2265224900788FC8 /* NavigationManager+Auth.swift in Sources */ = {isa = PBXBuildFile; fileRef = 8451FABB2265224900788FC8 /* NavigationManager+Auth.swift */; };
		8451FABE2265226A00788FC8 /* NavigationManager+Home.swift in Sources */ = {isa = PBXBuildFile; fileRef = 8451FABD2265226A00788FC8 /* NavigationManager+Home.swift */; };
		8451FAC02265285600788FC8 /* MusicRoomAccountViewController.swift in Sources */ = {isa = PBXBuildFile; fileRef = 8451FABF2265285600788FC8 /* MusicRoomAccountViewController.swift */; };
		8451FAC222652B0600788FC8 /* MusicRoomDeezerSettingsViewController.swift in Sources */ = {isa = PBXBuildFile; fileRef = 8451FAC122652B0600788FC8 /* MusicRoomDeezerSettingsViewController.swift */; };
		8451FAC622652BB700788FC8 /* MusicRoomAboutViewController.swift in Sources */ = {isa = PBXBuildFile; fileRef = 8451FAC522652BB700788FC8 /* MusicRoomAboutViewController.swift */; };
		8454DED7227479E000B00D1B /* SettingsItem.swift in Sources */ = {isa = PBXBuildFile; fileRef = 8454DED6227479E000B00D1B /* SettingsItem.swift */; };
		8454DEDA227497AF00B00D1B /* ProcessMoyaResponse.swift in Sources */ = {isa = PBXBuildFile; fileRef = 8454DED9227497AF00B00D1B /* ProcessMoyaResponse.swift */; };
		8454DEDF2274A0C900B00D1B /* DataStateController.swift in Sources */ = {isa = PBXBuildFile; fileRef = 8454DEDE2274A0C900B00D1B /* DataStateController.swift */; };
		84565A0C2261208F002D22A8 /* LibraryViewController.swift in Sources */ = {isa = PBXBuildFile; fileRef = 84565A0B2261208F002D22A8 /* LibraryViewController.swift */; };
		84565A10226120B5002D22A8 /* PlaylistsViewController.swift in Sources */ = {isa = PBXBuildFile; fileRef = 84565A0F226120B5002D22A8 /* PlaylistsViewController.swift */; };
		84565A12226120C3002D22A8 /* PlaylistViewController.swift in Sources */ = {isa = PBXBuildFile; fileRef = 84565A11226120C3002D22A8 /* PlaylistViewController.swift */; };
		8464BCEC2266854A00A43BBD /* keyValueCell.xib in Resources */ = {isa = PBXBuildFile; fileRef = 8464BCEB2266854900A43BBD /* keyValueCell.xib */; };
		8464BCEE2266855900A43BBD /* keyValueCell.swift in Sources */ = {isa = PBXBuildFile; fileRef = 8464BCED2266855900A43BBD /* keyValueCell.swift */; };
		8467E7AE226334FE00A67938 /* DeezerManager.swift in Sources */ = {isa = PBXBuildFile; fileRef = 8467E7AD226334FE00A67938 /* DeezerManager.swift */; };
		847B767D2245802000D81BC2 /* RegistrationViewController.swift in Sources */ = {isa = PBXBuildFile; fileRef = 847B767C2245802000D81BC2 /* RegistrationViewController.swift */; };
		847B767F2245802B00D81BC2 /* LoginViewController.swift in Sources */ = {isa = PBXBuildFile; fileRef = 847B767E2245802B00D81BC2 /* LoginViewController.swift */; };
		8485D4B322631C7C0020F052 /* home.html in Resources */ = {isa = PBXBuildFile; fileRef = 8485D3E522631C760020F052 /* home.html */; };
		8485D4B422631C7C0020F052 /* menu.html in Resources */ = {isa = PBXBuildFile; fileRef = 8485D3E622631C760020F052 /* menu.html */; };
		8485D4B522631C7C0020F052 /* userguide.pdf in Resources */ = {isa = PBXBuildFile; fileRef = 8485D3E722631C760020F052 /* userguide.pdf */; };
		8485D4D7226332C20020F052 /* CoreAudio.framework in Frameworks */ = {isa = PBXBuildFile; fileRef = 8485D4D6226332C20020F052 /* CoreAudio.framework */; };
		8485D4D9226332CA0020F052 /* AudioToolbox.framework in Frameworks */ = {isa = PBXBuildFile; fileRef = 8485D4D8226332CA0020F052 /* AudioToolbox.framework */; };
		8485D4DB226332D30020F052 /* SystemConfiguration.framework in Frameworks */ = {isa = PBXBuildFile; fileRef = 8485D4DA226332D30020F052 /* SystemConfiguration.framework */; };
		8485D4DD2263331C0020F052 /* libicucore.tbd in Frameworks */ = {isa = PBXBuildFile; fileRef = 8485D4DC2263331B0020F052 /* libicucore.tbd */; };
		8485D4DF2263332A0020F052 /* MediaPlayer.framework in Frameworks */ = {isa = PBXBuildFile; fileRef = 8485D4DE2263332A0020F052 /* MediaPlayer.framework */; };
		84922D9D22634D6100BFD717 /* UIViewControllerExtension.swift in Sources */ = {isa = PBXBuildFile; fileRef = 84922D9C22634D6100BFD717 /* UIViewControllerExtension.swift */; };
		84922DA022634EB700BFD717 /* DeezerObjectTableViewDelegate.swift in Sources */ = {isa = PBXBuildFile; fileRef = 84922D9F22634EB700BFD717 /* DeezerObjectTableViewDelegate.swift */; };
		84922DA42263503200BFD717 /* DeezerObject.swift in Sources */ = {isa = PBXBuildFile; fileRef = 84922DA32263503200BFD717 /* DeezerObject.swift */; };
		84922DA62263523700BFD717 /* NavigationManager.swift in Sources */ = {isa = PBXBuildFile; fileRef = 84922DA52263523700BFD717 /* NavigationManager.swift */; };
		84922DA8226352A400BFD717 /* DeezerPlayerViewController.swift in Sources */ = {isa = PBXBuildFile; fileRef = 84922DA7226352A400BFD717 /* DeezerPlayerViewController.swift */; };
		84922DAA226376DC00BFD717 /* DeezerObjectListViewController.swift in Sources */ = {isa = PBXBuildFile; fileRef = 84922DA9226376DC00BFD717 /* DeezerObjectListViewController.swift */; };
		84922DB02263BEE600BFD717 /* DeezerSearchViewController.swift in Sources */ = {isa = PBXBuildFile; fileRef = 84922DAF2263BEE600BFD717 /* DeezerSearchViewController.swift */; };
		84922DB22263BF0B00BFD717 /* Deezer.storyboard in Resources */ = {isa = PBXBuildFile; fileRef = 84922DB12263BF0B00BFD717 /* Deezer.storyboard */; };
		84922DBB2263C1E600BFD717 /* MusicRoomManager.swift in Sources */ = {isa = PBXBuildFile; fileRef = 84922DBA2263C1E600BFD717 /* MusicRoomManager.swift */; };
		84922DBD2263CACE00BFD717 /* EntryViewController.swift in Sources */ = {isa = PBXBuildFile; fileRef = 84922DBC2263CACE00BFD717 /* EntryViewController.swift */; };
		84922DBF2263CF2A00BFD717 /* MusicRoomAuthViewController.swift in Sources */ = {isa = PBXBuildFile; fileRef = 84922DBE2263CF2A00BFD717 /* MusicRoomAuthViewController.swift */; };
		84922DC12263CFD200BFD717 /* Auth.storyboard in Resources */ = {isa = PBXBuildFile; fileRef = 84922DC02263CFD200BFD717 /* Auth.storyboard */; };
		84922DC52263D6B100BFD717 /* Home.storyboard in Resources */ = {isa = PBXBuildFile; fileRef = 84922DC42263D6B100BFD717 /* Home.storyboard */; };
		84A0D9912267BD6C00EDBC53 /* MusicRoomSettings.storyboard in Resources */ = {isa = PBXBuildFile; fileRef = 84A0D9902267BD6C00EDBC53 /* MusicRoomSettings.storyboard */; };
		84A0D9932267BE2600EDBC53 /* NavigationManager+MusicRoomSettings.swift in Sources */ = {isa = PBXBuildFile; fileRef = 84A0D9922267BE2600EDBC53 /* NavigationManager+MusicRoomSettings.swift */; };
		84A0D9972267C04700EDBC53 /* APITrackModel.swift in Sources */ = {isa = PBXBuildFile; fileRef = 84A0D9962267C04700EDBC53 /* APITrackModel.swift */; };
		84A6936722633ADF00CD84A2 /* libDeezer.a in Frameworks */ = {isa = PBXBuildFile; fileRef = 84A6934622633ADE00CD84A2 /* libDeezer.a */; };
		84A6936822633ADF00CD84A2 /* DZRResources.bundle in Resources */ = {isa = PBXBuildFile; fileRef = 84A6936622633ADE00CD84A2 /* DZRResources.bundle */; };
		84A6936C226344C100CD84A2 /* KeyChainManager.swift in Sources */ = {isa = PBXBuildFile; fileRef = 84A6936B226344C100CD84A2 /* KeyChainManager.swift */; };
		84A6936F226345CD00CD84A2 /* DataConvertible.swift in Sources */ = {isa = PBXBuildFile; fileRef = 84A6936E226345CD00CD84A2 /* DataConvertible.swift */; };
		84A693712263463700CD84A2 /* DeezerError.swift in Sources */ = {isa = PBXBuildFile; fileRef = 84A693702263463700CD84A2 /* DeezerError.swift */; };
		84A69374226346EE00CD84A2 /* DeezerObjectType.swift in Sources */ = {isa = PBXBuildFile; fileRef = 84A69373226346EE00CD84A2 /* DeezerObjectType.swift */; };
		84A6937622634A8200CD84A2 /* AVFoundation.framework in Frameworks */ = {isa = PBXBuildFile; fileRef = 84A6937522634A8200CD84A2 /* AVFoundation.framework */; };
		84A7C943223C5A70000AAB81 /* MusicRoomService.swift in Sources */ = {isa = PBXBuildFile; fileRef = 84A7C942223C5A70000AAB81 /* MusicRoomService.swift */; };
		84B35E312270F9B800DD8F6D /* trackCell.swift in Sources */ = {isa = PBXBuildFile; fileRef = 84B35E302270F9B800DD8F6D /* trackCell.swift */; };
		84B35E332270F9C200DD8F6D /* trackCell.xib in Resources */ = {isa = PBXBuildFile; fileRef = 84B35E322270F9C200DD8F6D /* trackCell.xib */; };
		84BCCA75226B7F4E00408A82 /* editPlaylistCell.swift in Sources */ = {isa = PBXBuildFile; fileRef = 84BCCA74226B7F4E00408A82 /* editPlaylistCell.swift */; };
		84BCCA77226B7F5E00408A82 /* editPlaylistCell.xib in Resources */ = {isa = PBXBuildFile; fileRef = 84BCCA76226B7F5E00408A82 /* editPlaylistCell.xib */; };
		84BCCA79226BBDA500408A82 /* MRPlaylistSettingsViewController.swift in Sources */ = {isa = PBXBuildFile; fileRef = 84BCCA78226BBDA500408A82 /* MRPlaylistSettingsViewController.swift */; };
		84C34F63226F702F0053BE2E /* MRUserListViewController.swift in Sources */ = {isa = PBXBuildFile; fileRef = 84C34F62226F702F0053BE2E /* MRUserListViewController.swift */; };
		84C34F65226F9C320053BE2E /* MRUserSearchViewController.swift in Sources */ = {isa = PBXBuildFile; fileRef = 84C34F64226F9C320053BE2E /* MRUserSearchViewController.swift */; };
		84C5CE6E2261E05A00EF474A /* standardCell.swift in Sources */ = {isa = PBXBuildFile; fileRef = 84C5CE6D2261E05A00EF474A /* standardCell.swift */; };
		84C5CE722261F2C100EF474A /* standardCell.xib in Resources */ = {isa = PBXBuildFile; fileRef = 84C5CE712261F2C100EF474A /* standardCell.xib */; };
		84C8353D225E4E89002232DF /* Session.swift in Sources */ = {isa = PBXBuildFile; fileRef = 84C8353C225E4E89002232DF /* Session.swift */; };
		84CC2647223D21C1002D42C9 /* MusicRoomAuthPlugin.swift in Sources */ = {isa = PBXBuildFile; fileRef = 84CC2646223D21C1002D42C9 /* MusicRoomAuthPlugin.swift */; };
		84DF5912226A4FDD004250DE /* HomeDeezerViewController.swift in Sources */ = {isa = PBXBuildFile; fileRef = 84DF5911226A4FDD004250DE /* HomeDeezerViewController.swift */; };
		84DF5914226A543C004250DE /* HomeTabBarController.swift in Sources */ = {isa = PBXBuildFile; fileRef = 84DF5913226A543C004250DE /* HomeTabBarController.swift */; };
		84EF07642267A4D7000B6B7B /* playlistCell.swift in Sources */ = {isa = PBXBuildFile; fileRef = 84EF07632267A4D7000B6B7B /* playlistCell.swift */; };
		84EF07662267A4EF000B6B7B /* playlistCell.xib in Resources */ = {isa = PBXBuildFile; fileRef = 84EF07652267A4EF000B6B7B /* playlistCell.xib */; };
		84FDCA4D227880DE00B923C0 /* LNPopupController.framework in Frameworks */ = {isa = PBXBuildFile; fileRef = 84FDCA4B22787FDE00B923C0 /* LNPopupController.framework */; };
		84FDCA4E227880DE00B923C0 /* LNPopupController.framework in Embed Frameworks */ = {isa = PBXBuildFile; fileRef = 84FDCA4B22787FDE00B923C0 /* LNPopupController.framework */; settings = {ATTRIBUTES = (CodeSignOnCopy, RemoveHeadersOnCopy, ); }; };
/* End PBXBuildFile section */

/* Begin PBXContainerItemProxy section */
		8411978122397DC000588A1C /* PBXContainerItemProxy */ = {
			isa = PBXContainerItemProxy;
			containerPortal = 8411976422397DBD00588A1C /* Project object */;
			proxyType = 1;
			remoteGlobalIDString = 8411976B22397DBD00588A1C;
			remoteInfo = MusicRoom;
		};
		8411978C22397DC000588A1C /* PBXContainerItemProxy */ = {
			isa = PBXContainerItemProxy;
			containerPortal = 8411976422397DBD00588A1C /* Project object */;
			proxyType = 1;
			remoteGlobalIDString = 8411976B22397DBD00588A1C;
			remoteInfo = MusicRoom;
		};
		8475353F2245A0BF00D9EC19 /* PBXContainerItemProxy */ = {
			isa = PBXContainerItemProxy;
			containerPortal = 8475353822459C3200D9EC19 /* LoginKit.xcodeproj */;
			proxyType = 2;
			remoteGlobalIDString = 847534FB22459B4E00D9EC19;
			remoteInfo = LoginKit;
		};
/* End PBXContainerItemProxy section */

/* Begin PBXCopyFilesBuildPhase section */
		84FDCA4F227880DE00B923C0 /* Embed Frameworks */ = {
			isa = PBXCopyFilesBuildPhase;
			buildActionMask = 2147483647;
			dstPath = "";
			dstSubfolderSpec = 10;
			files = (
				84FDCA4E227880DE00B923C0 /* LNPopupController.framework in Embed Frameworks */,
			);
			name = "Embed Frameworks";
			runOnlyForDeploymentPostprocessing = 0;
		};
/* End PBXCopyFilesBuildPhase section */

/* Begin PBXFileReference section */
		130A0EC4226F4903002D5882 /* MRSelectLocationViewController.swift */ = {isa = PBXFileReference; lastKnownFileType = sourcecode.swift; name = MRSelectLocationViewController.swift; path = "../Music Room/MRSelectLocationViewController.swift"; sourceTree = "<group>"; };
		1325142C224289830002315C /* MusicRoomProvider.swift */ = {isa = PBXFileReference; lastKnownFileType = sourcecode.swift; path = MusicRoomProvider.swift; sourceTree = "<group>"; };
		133A5D442271CB2900193930 /* LocationManager.swift */ = {isa = PBXFileReference; lastKnownFileType = sourcecode.swift; path = LocationManager.swift; sourceTree = "<group>"; };
		133A5D472271DD7F00193930 /* Map.storyboard */ = {isa = PBXFileReference; lastKnownFileType = file.storyboard; path = Map.storyboard; sourceTree = "<group>"; };
		133A5D492271DDCC00193930 /* RouteViewController.swift */ = {isa = PBXFileReference; lastKnownFileType = sourcecode.swift; path = RouteViewController.swift; sourceTree = "<group>"; };
		133A5D4B227201A700193930 /* NavigationManager+Map.swift */ = {isa = PBXFileReference; lastKnownFileType = sourcecode.swift; path = "NavigationManager+Map.swift"; sourceTree = "<group>"; };
		134A582A2273518700B2D068 /* ListViewController.swift */ = {isa = PBXFileReference; lastKnownFileType = sourcecode.swift; path = ListViewController.swift; sourceTree = "<group>"; };
		134A582C227351FE00B2D068 /* Base.storyboard */ = {isa = PBXFileReference; lastKnownFileType = file.storyboard; path = Base.storyboard; sourceTree = "<group>"; };
		134A582E227354F200B2D068 /* NavigationManager+Base.swift */ = {isa = PBXFileReference; lastKnownFileType = sourcecode.swift; path = "NavigationManager+Base.swift"; sourceTree = "<group>"; };
		136C46462270717C006C0796 /* LocationSearchViewController.swift */ = {isa = PBXFileReference; lastKnownFileType = sourcecode.swift; name = LocationSearchViewController.swift; path = "../Music Room/LocationSearchViewController.swift"; sourceTree = "<group>"; };
		136C4648227086B2006C0796 /* addressCell.swift */ = {isa = PBXFileReference; lastKnownFileType = sourcecode.swift; path = addressCell.swift; sourceTree = "<group>"; };
		136C464A227086BD006C0796 /* addressCell.xib */ = {isa = PBXFileReference; lastKnownFileType = file.xib; path = addressCell.xib; sourceTree = "<group>"; };
		13C36AEF227358AA0049D242 /* DeezerTrackOption.swift */ = {isa = PBXFileReference; lastKnownFileType = sourcecode.swift; path = DeezerTrackOption.swift; sourceTree = "<group>"; };
		13C6843E226F3660005D7E90 /* accountCell.swift */ = {isa = PBXFileReference; lastKnownFileType = sourcecode.swift; path = accountCell.swift; sourceTree = "<group>"; };
		13C68440226F3668005D7E90 /* accountCell.xib */ = {isa = PBXFileReference; lastKnownFileType = file.xib; path = accountCell.xib; sourceTree = "<group>"; };
		77DFB374CC64EAD5E1252278 /* Pods-MusicRoom.release.xcconfig */ = {isa = PBXFileReference; includeInIndex = 1; lastKnownFileType = text.xcconfig; name = "Pods-MusicRoom.release.xcconfig"; path = "Target Support Files/Pods-MusicRoom/Pods-MusicRoom.release.xcconfig"; sourceTree = "<group>"; };
		786ECFACAF68F175856DA16F /* Pods_MusicRoom.framework */ = {isa = PBXFileReference; explicitFileType = wrapper.framework; includeInIndex = 0; path = Pods_MusicRoom.framework; sourceTree = BUILT_PRODUCTS_DIR; };
		840052A422626F060018CD1A /* APIUserModel.swift */ = {isa = PBXFileReference; lastKnownFileType = sourcecode.swift; path = APIUserModel.swift; sourceTree = "<group>"; };
		8411976C22397DBD00588A1C /* MusicRoom.app */ = {isa = PBXFileReference; explicitFileType = wrapper.application; includeInIndex = 0; path = MusicRoom.app; sourceTree = BUILT_PRODUCTS_DIR; };
		8411976F22397DBD00588A1C /* AppDelegate.swift */ = {isa = PBXFileReference; lastKnownFileType = sourcecode.swift; path = AppDelegate.swift; sourceTree = "<group>"; };
		8411977422397DBD00588A1C /* Base */ = {isa = PBXFileReference; lastKnownFileType = file.storyboard; name = Base; path = Base.lproj/Entry.storyboard; sourceTree = "<group>"; };
		8411977622397DC000588A1C /* Assets.xcassets */ = {isa = PBXFileReference; lastKnownFileType = folder.assetcatalog; path = Assets.xcassets; sourceTree = "<group>"; };
		8411977B22397DC000588A1C /* Info.plist */ = {isa = PBXFileReference; lastKnownFileType = text.plist.xml; path = Info.plist; sourceTree = "<group>"; };
		8411978022397DC000588A1C /* MusicRoomTests.xctest */ = {isa = PBXFileReference; explicitFileType = wrapper.cfbundle; includeInIndex = 0; path = MusicRoomTests.xctest; sourceTree = BUILT_PRODUCTS_DIR; };
		8411978B22397DC000588A1C /* MusicRoomUITests.xctest */ = {isa = PBXFileReference; explicitFileType = wrapper.cfbundle; includeInIndex = 0; path = MusicRoomUITests.xctest; sourceTree = BUILT_PRODUCTS_DIR; };
		841C6FDA226FB75E00628BC5 /* DateExtension.swift */ = {isa = PBXFileReference; lastKnownFileType = sourcecode.swift; path = DateExtension.swift; sourceTree = "<group>"; };
		841F943522627C0200512484 /* PlaylistModel.swift */ = {isa = PBXFileReference; lastKnownFileType = sourcecode.swift; path = PlaylistModel.swift; sourceTree = "<group>"; };
		841F943722627C3200512484 /* APIPlaylistModel.swift */ = {isa = PBXFileReference; lastKnownFileType = sourcecode.swift; path = APIPlaylistModel.swift; sourceTree = "<group>"; };
		841F943922627CC500512484 /* API.swift */ = {isa = PBXFileReference; lastKnownFileType = sourcecode.swift; path = API.swift; sourceTree = "<group>"; };
		8423A58E226E40A000AA4EE1 /* GradientBackground.swift */ = {isa = PBXFileReference; lastKnownFileType = sourcecode.swift; path = GradientBackground.swift; sourceTree = "<group>"; };
		8423A595226E672400AA4EE1 /* playlistSettingsCell.swift */ = {isa = PBXFileReference; lastKnownFileType = sourcecode.swift; path = playlistSettingsCell.swift; sourceTree = "<group>"; };
		8423A597226E672D00AA4EE1 /* playlistSettingsCell.xib */ = {isa = PBXFileReference; lastKnownFileType = file.xib; path = playlistSettingsCell.xib; sourceTree = "<group>"; };
		843DBD09227728550022E7B8 /* DeezerTracks.swift */ = {isa = PBXFileReference; lastKnownFileType = sourcecode.swift; path = DeezerTracks.swift; sourceTree = "<group>"; };
		843DBD0C227796EB0022E7B8 /* LNPopupController.framework */ = {isa = PBXFileReference; lastKnownFileType = wrapper.framework; name = LNPopupController.framework; path = Carthage/Build/iOS/LNPopupController.framework; sourceTree = "<group>"; };
		843DBD0F2277B1500022E7B8 /* VoteController.swift */ = {isa = PBXFileReference; lastKnownFileType = sourcecode.swift; path = VoteController.swift; sourceTree = "<group>"; };
		843DBD1122782DCC0022E7B8 /* MRPlaylistEditViewController.swift */ = {isa = PBXFileReference; lastKnownFileType = sourcecode.swift; path = MRPlaylistEditViewController.swift; sourceTree = "<group>"; };
		843DBD13227855730022E7B8 /* editTrackCell.swift */ = {isa = PBXFileReference; lastKnownFileType = sourcecode.swift; path = editTrackCell.swift; sourceTree = "<group>"; };
		843DBD152278557C0022E7B8 /* editTrackCell.xib */ = {isa = PBXFileReference; lastKnownFileType = file.xib; path = editTrackCell.xib; sourceTree = "<group>"; };
		844052E92275FEDC0043615B /* LocationListViewController.swift */ = {isa = PBXFileReference; lastKnownFileType = sourcecode.swift; path = LocationListViewController.swift; sourceTree = "<group>"; };
		844052ED227646130043615B /* CGPointExtension.swift */ = {isa = PBXFileReference; lastKnownFileType = sourcecode.swift; path = CGPointExtension.swift; sourceTree = "<group>"; };
		8451FAAD22651ADA00788FC8 /* MusicRoom.storyboard */ = {isa = PBXFileReference; lastKnownFileType = file.storyboard; path = MusicRoom.storyboard; sourceTree = "<group>"; };
		8451FAB122651B2200788FC8 /* MRPlaylistViewController.swift */ = {isa = PBXFileReference; lastKnownFileType = sourcecode.swift; path = MRPlaylistViewController.swift; sourceTree = "<group>"; };
		8451FAB322651B9400788FC8 /* MusicRoomSettingsViewController.swift */ = {isa = PBXFileReference; lastKnownFileType = sourcecode.swift; path = MusicRoomSettingsViewController.swift; sourceTree = "<group>"; };
		8451FAB522651CE600788FC8 /* NavigationManager+MusicRoom.swift */ = {isa = PBXFileReference; lastKnownFileType = sourcecode.swift; path = "NavigationManager+MusicRoom.swift"; sourceTree = "<group>"; };
		8451FAB72265211200788FC8 /* MRPlaylistListViewController.swift */ = {isa = PBXFileReference; lastKnownFileType = sourcecode.swift; path = MRPlaylistListViewController.swift; sourceTree = "<group>"; };
		8451FAB92265221400788FC8 /* NavigationManager+Deezer.swift */ = {isa = PBXFileReference; lastKnownFileType = sourcecode.swift; path = "NavigationManager+Deezer.swift"; sourceTree = "<group>"; };
		8451FABB2265224900788FC8 /* NavigationManager+Auth.swift */ = {isa = PBXFileReference; lastKnownFileType = sourcecode.swift; path = "NavigationManager+Auth.swift"; sourceTree = "<group>"; };
		8451FABD2265226A00788FC8 /* NavigationManager+Home.swift */ = {isa = PBXFileReference; lastKnownFileType = sourcecode.swift; path = "NavigationManager+Home.swift"; sourceTree = "<group>"; };
		8451FABF2265285600788FC8 /* MusicRoomAccountViewController.swift */ = {isa = PBXFileReference; lastKnownFileType = sourcecode.swift; path = MusicRoomAccountViewController.swift; sourceTree = "<group>"; };
		8451FAC122652B0600788FC8 /* MusicRoomDeezerSettingsViewController.swift */ = {isa = PBXFileReference; lastKnownFileType = sourcecode.swift; path = MusicRoomDeezerSettingsViewController.swift; sourceTree = "<group>"; };
		8451FAC522652BB700788FC8 /* MusicRoomAboutViewController.swift */ = {isa = PBXFileReference; lastKnownFileType = sourcecode.swift; path = MusicRoomAboutViewController.swift; sourceTree = "<group>"; };
		8454DED6227479E000B00D1B /* SettingsItem.swift */ = {isa = PBXFileReference; lastKnownFileType = sourcecode.swift; path = SettingsItem.swift; sourceTree = "<group>"; };
		8454DED9227497AF00B00D1B /* ProcessMoyaResponse.swift */ = {isa = PBXFileReference; lastKnownFileType = sourcecode.swift; path = ProcessMoyaResponse.swift; sourceTree = "<group>"; };
		8454DEDE2274A0C900B00D1B /* DataStateController.swift */ = {isa = PBXFileReference; lastKnownFileType = sourcecode.swift; path = DataStateController.swift; sourceTree = "<group>"; };
		84565A0B2261208F002D22A8 /* LibraryViewController.swift */ = {isa = PBXFileReference; lastKnownFileType = sourcecode.swift; path = LibraryViewController.swift; sourceTree = "<group>"; };
		84565A0F226120B5002D22A8 /* PlaylistsViewController.swift */ = {isa = PBXFileReference; lastKnownFileType = sourcecode.swift; path = PlaylistsViewController.swift; sourceTree = "<group>"; };
		84565A11226120C3002D22A8 /* PlaylistViewController.swift */ = {isa = PBXFileReference; lastKnownFileType = sourcecode.swift; path = PlaylistViewController.swift; sourceTree = "<group>"; };
		8464BCEB2266854900A43BBD /* keyValueCell.xib */ = {isa = PBXFileReference; lastKnownFileType = file.xib; path = keyValueCell.xib; sourceTree = "<group>"; };
		8464BCED2266855900A43BBD /* keyValueCell.swift */ = {isa = PBXFileReference; lastKnownFileType = sourcecode.swift; path = keyValueCell.swift; sourceTree = "<group>"; };
		8467E7AD226334FE00A67938 /* DeezerManager.swift */ = {isa = PBXFileReference; lastKnownFileType = sourcecode.swift; path = DeezerManager.swift; sourceTree = "<group>"; };
		846D517A2276FE3800A987BD /* Debug.xcconfig */ = {isa = PBXFileReference; lastKnownFileType = text.xcconfig; path = Debug.xcconfig; sourceTree = "<group>"; };
		846D517B2276FE8F00A987BD /* Release.xcconfig */ = {isa = PBXFileReference; lastKnownFileType = text.xcconfig; path = Release.xcconfig; sourceTree = "<group>"; };
		846D517D2276FF8D00A987BD /* Deezer.xcconfig */ = {isa = PBXFileReference; lastKnownFileType = text.xcconfig; path = Deezer.xcconfig; sourceTree = "<group>"; };
		8475353822459C3200D9EC19 /* LoginKit.xcodeproj */ = {isa = PBXFileReference; lastKnownFileType = "wrapper.pb-project"; name = LoginKit.xcodeproj; path = ThirdParty/LoginKit/LoginKit.xcodeproj; sourceTree = "<group>"; };
		8475353A22459C6A00D9EC19 /* LoginKit.framework */ = {isa = PBXFileReference; explicitFileType = wrapper.framework; path = LoginKit.framework; sourceTree = BUILT_PRODUCTS_DIR; };
		847B767C2245802000D81BC2 /* RegistrationViewController.swift */ = {isa = PBXFileReference; lastKnownFileType = sourcecode.swift; path = RegistrationViewController.swift; sourceTree = "<group>"; };
		847B767E2245802B00D81BC2 /* LoginViewController.swift */ = {isa = PBXFileReference; lastKnownFileType = sourcecode.swift; path = LoginViewController.swift; sourceTree = "<group>"; };
		8485D3E522631C760020F052 /* home.html */ = {isa = PBXFileReference; fileEncoding = 4; lastKnownFileType = text.html; path = home.html; sourceTree = "<group>"; };
		8485D3E622631C760020F052 /* menu.html */ = {isa = PBXFileReference; fileEncoding = 4; lastKnownFileType = text.html; path = menu.html; sourceTree = "<group>"; };
		8485D3E722631C760020F052 /* userguide.pdf */ = {isa = PBXFileReference; lastKnownFileType = image.pdf; path = userguide.pdf; sourceTree = "<group>"; };
		8485D4D6226332C20020F052 /* CoreAudio.framework */ = {isa = PBXFileReference; lastKnownFileType = wrapper.framework; name = CoreAudio.framework; path = System/Library/Frameworks/CoreAudio.framework; sourceTree = SDKROOT; };
		8485D4D8226332CA0020F052 /* AudioToolbox.framework */ = {isa = PBXFileReference; lastKnownFileType = wrapper.framework; name = AudioToolbox.framework; path = System/Library/Frameworks/AudioToolbox.framework; sourceTree = SDKROOT; };
		8485D4DA226332D30020F052 /* SystemConfiguration.framework */ = {isa = PBXFileReference; lastKnownFileType = wrapper.framework; name = SystemConfiguration.framework; path = System/Library/Frameworks/SystemConfiguration.framework; sourceTree = SDKROOT; };
		8485D4DC2263331B0020F052 /* libicucore.tbd */ = {isa = PBXFileReference; lastKnownFileType = "sourcecode.text-based-dylib-definition"; name = libicucore.tbd; path = usr/lib/libicucore.tbd; sourceTree = SDKROOT; };
		8485D4DE2263332A0020F052 /* MediaPlayer.framework */ = {isa = PBXFileReference; lastKnownFileType = wrapper.framework; name = MediaPlayer.framework; path = System/Library/Frameworks/MediaPlayer.framework; sourceTree = SDKROOT; };
		84922D9C22634D6100BFD717 /* UIViewControllerExtension.swift */ = {isa = PBXFileReference; lastKnownFileType = sourcecode.swift; path = UIViewControllerExtension.swift; sourceTree = "<group>"; };
		84922D9F22634EB700BFD717 /* DeezerObjectTableViewDelegate.swift */ = {isa = PBXFileReference; lastKnownFileType = sourcecode.swift; path = DeezerObjectTableViewDelegate.swift; sourceTree = "<group>"; };
		84922DA32263503200BFD717 /* DeezerObject.swift */ = {isa = PBXFileReference; lastKnownFileType = sourcecode.swift; path = DeezerObject.swift; sourceTree = "<group>"; };
		84922DA52263523700BFD717 /* NavigationManager.swift */ = {isa = PBXFileReference; lastKnownFileType = sourcecode.swift; path = NavigationManager.swift; sourceTree = "<group>"; };
		84922DA7226352A400BFD717 /* DeezerPlayerViewController.swift */ = {isa = PBXFileReference; lastKnownFileType = sourcecode.swift; path = DeezerPlayerViewController.swift; sourceTree = "<group>"; };
		84922DA9226376DC00BFD717 /* DeezerObjectListViewController.swift */ = {isa = PBXFileReference; lastKnownFileType = sourcecode.swift; path = DeezerObjectListViewController.swift; sourceTree = "<group>"; };
		84922DAF2263BEE600BFD717 /* DeezerSearchViewController.swift */ = {isa = PBXFileReference; lastKnownFileType = sourcecode.swift; path = DeezerSearchViewController.swift; sourceTree = "<group>"; };
		84922DB12263BF0B00BFD717 /* Deezer.storyboard */ = {isa = PBXFileReference; lastKnownFileType = file.storyboard; path = Deezer.storyboard; sourceTree = "<group>"; };
		84922DBA2263C1E600BFD717 /* MusicRoomManager.swift */ = {isa = PBXFileReference; lastKnownFileType = sourcecode.swift; path = MusicRoomManager.swift; sourceTree = "<group>"; };
		84922DBC2263CACE00BFD717 /* EntryViewController.swift */ = {isa = PBXFileReference; lastKnownFileType = sourcecode.swift; path = EntryViewController.swift; sourceTree = "<group>"; };
		84922DBE2263CF2A00BFD717 /* MusicRoomAuthViewController.swift */ = {isa = PBXFileReference; lastKnownFileType = sourcecode.swift; path = MusicRoomAuthViewController.swift; sourceTree = "<group>"; };
		84922DC02263CFD200BFD717 /* Auth.storyboard */ = {isa = PBXFileReference; lastKnownFileType = file.storyboard; path = Auth.storyboard; sourceTree = "<group>"; };
		84922DC42263D6B100BFD717 /* Home.storyboard */ = {isa = PBXFileReference; lastKnownFileType = file.storyboard; path = Home.storyboard; sourceTree = "<group>"; };
		84A0D9902267BD6C00EDBC53 /* MusicRoomSettings.storyboard */ = {isa = PBXFileReference; lastKnownFileType = file.storyboard; path = MusicRoomSettings.storyboard; sourceTree = "<group>"; };
		84A0D9922267BE2600EDBC53 /* NavigationManager+MusicRoomSettings.swift */ = {isa = PBXFileReference; lastKnownFileType = sourcecode.swift; path = "NavigationManager+MusicRoomSettings.swift"; sourceTree = "<group>"; };
		84A0D9962267C04700EDBC53 /* APITrackModel.swift */ = {isa = PBXFileReference; lastKnownFileType = sourcecode.swift; path = APITrackModel.swift; sourceTree = "<group>"; };
		84A6934622633ADE00CD84A2 /* libDeezer.a */ = {isa = PBXFileReference; lastKnownFileType = archive.ar; path = libDeezer.a; sourceTree = "<group>"; };
		84A6934822633ADE00CD84A2 /* DZRPlaylist.h */ = {isa = PBXFileReference; fileEncoding = 4; lastKnownFileType = sourcecode.c.h; path = DZRPlaylist.h; sourceTree = "<group>"; };
		84A6934922633ADE00CD84A2 /* Deezer+Compatibility.h */ = {isa = PBXFileReference; fileEncoding = 4; lastKnownFileType = sourcecode.c.h; path = "Deezer+Compatibility.h"; sourceTree = "<group>"; };
		84A6934A22633ADE00CD84A2 /* DeezerConnect+Compatibility.h */ = {isa = PBXFileReference; fileEncoding = 4; lastKnownFileType = sourcecode.c.h; path = "DeezerConnect+Compatibility.h"; sourceTree = "<group>"; };
		84A6934B22633ADE00CD84A2 /* DeezerRequestDelegate.h */ = {isa = PBXFileReference; fileEncoding = 4; lastKnownFileType = sourcecode.c.h; path = DeezerRequestDelegate.h; sourceTree = "<group>"; };
		84A6934C22633ADE00CD84A2 /* DZRPodcast.h */ = {isa = PBXFileReference; fileEncoding = 4; lastKnownFileType = sourcecode.c.h; path = DZRPodcast.h; sourceTree = "<group>"; };
		84A6934D22633ADE00CD84A2 /* DZRArtist.h */ = {isa = PBXFileReference; fileEncoding = 4; lastKnownFileType = sourcecode.c.h; path = DZRArtist.h; sourceTree = "<group>"; };
		84A6934E22633ADE00CD84A2 /* DZREpisode.h */ = {isa = PBXFileReference; fileEncoding = 4; lastKnownFileType = sourcecode.c.h; path = DZREpisode.h; sourceTree = "<group>"; };
		84A6934F22633ADE00CD84A2 /* DZRPlayer.h */ = {isa = PBXFileReference; fileEncoding = 4; lastKnownFileType = sourcecode.c.h; path = DZRPlayer.h; sourceTree = "<group>"; };
		84A6935022633ADE00CD84A2 /* NSBundle+DZRBundle.h */ = {isa = PBXFileReference; fileEncoding = 4; lastKnownFileType = sourcecode.c.h; path = "NSBundle+DZRBundle.h"; sourceTree = "<group>"; };
		84A6935122633ADE00CD84A2 /* DZRObject+Compatibility.h */ = {isa = PBXFileReference; fileEncoding = 4; lastKnownFileType = sourcecode.c.h; path = "DZRObject+Compatibility.h"; sourceTree = "<group>"; };
		84A6935222633ADE00CD84A2 /* DZRGenericCancelable.h */ = {isa = PBXFileReference; fileEncoding = 4; lastKnownFileType = sourcecode.c.h; path = DZRGenericCancelable.h; sourceTree = "<group>"; };
		84A6935322633ADE00CD84A2 /* DZRModel.h */ = {isa = PBXFileReference; fileEncoding = 4; lastKnownFileType = sourcecode.c.h; path = DZRModel.h; sourceTree = "<group>"; };
		84A6935422633ADE00CD84A2 /* DZRCancelable.h */ = {isa = PBXFileReference; fileEncoding = 4; lastKnownFileType = sourcecode.c.h; path = DZRCancelable.h; sourceTree = "<group>"; };
		84A6935522633ADE00CD84A2 /* DZRObject.h */ = {isa = PBXFileReference; fileEncoding = 4; lastKnownFileType = sourcecode.c.h; path = DZRObject.h; sourceTree = "<group>"; };
		84A6935622633ADE00CD84A2 /* DZRNetworkRequest.h */ = {isa = PBXFileReference; fileEncoding = 4; lastKnownFileType = sourcecode.c.h; path = DZRNetworkRequest.h; sourceTree = "<group>"; };
		84A6935722633ADE00CD84A2 /* DZRManagedRadio.h */ = {isa = PBXFileReference; fileEncoding = 4; lastKnownFileType = sourcecode.c.h; path = DZRManagedRadio.h; sourceTree = "<group>"; };
		84A6935822633ADE00CD84A2 /* NSError+DZRPlayer.h */ = {isa = PBXFileReference; fileEncoding = 4; lastKnownFileType = sourcecode.c.h; path = "NSError+DZRPlayer.h"; sourceTree = "<group>"; };
		84A6935922633ADE00CD84A2 /* DZRRequestManager.h */ = {isa = PBXFileReference; fileEncoding = 4; lastKnownFileType = sourcecode.c.h; path = DZRRequestManager.h; sourceTree = "<group>"; };
		84A6935A22633ADE00CD84A2 /* DZRRadio.h */ = {isa = PBXFileReference; fileEncoding = 4; lastKnownFileType = sourcecode.c.h; path = DZRRadio.h; sourceTree = "<group>"; };
		84A6935B22633ADE00CD84A2 /* DZRUser.h */ = {isa = PBXFileReference; fileEncoding = 4; lastKnownFileType = sourcecode.c.h; path = DZRUser.h; sourceTree = "<group>"; };
		84A6935C22633ADE00CD84A2 /* DZRTrack.h */ = {isa = PBXFileReference; fileEncoding = 4; lastKnownFileType = sourcecode.c.h; path = DZRTrack.h; sourceTree = "<group>"; };
		84A6935D22633ADE00CD84A2 /* DZRFolder.h */ = {isa = PBXFileReference; fileEncoding = 4; lastKnownFileType = sourcecode.c.h; path = DZRFolder.h; sourceTree = "<group>"; };
		84A6935E22633ADE00CD84A2 /* DZRPlayableArray.h */ = {isa = PBXFileReference; fileEncoding = 4; lastKnownFileType = sourcecode.c.h; path = DZRPlayableArray.h; sourceTree = "<group>"; };
		84A6935F22633ADE00CD84A2 /* DZRComment.h */ = {isa = PBXFileReference; fileEncoding = 4; lastKnownFileType = sourcecode.c.h; path = DZRComment.h; sourceTree = "<group>"; };
		84A6936022633ADE00CD84A2 /* DeezerConnect.h */ = {isa = PBXFileReference; fileEncoding = 4; lastKnownFileType = sourcecode.c.h; path = DeezerConnect.h; sourceTree = "<group>"; };
		84A6936122633ADE00CD84A2 /* DZRGenre.h */ = {isa = PBXFileReference; fileEncoding = 4; lastKnownFileType = sourcecode.c.h; path = DZRGenre.h; sourceTree = "<group>"; };
		84A6936222633ADE00CD84A2 /* NSError+DZRModel.h */ = {isa = PBXFileReference; fileEncoding = 4; lastKnownFileType = sourcecode.c.h; path = "NSError+DZRModel.h"; sourceTree = "<group>"; };
		84A6936322633ADE00CD84A2 /* DZRAlbum.h */ = {isa = PBXFileReference; fileEncoding = 4; lastKnownFileType = sourcecode.c.h; path = DZRAlbum.h; sourceTree = "<group>"; };
		84A6936422633ADE00CD84A2 /* DZREditorial.h */ = {isa = PBXFileReference; fileEncoding = 4; lastKnownFileType = sourcecode.c.h; path = DZREditorial.h; sourceTree = "<group>"; };
		84A6936522633ADE00CD84A2 /* DZRObjectList.h */ = {isa = PBXFileReference; fileEncoding = 4; lastKnownFileType = sourcecode.c.h; path = DZRObjectList.h; sourceTree = "<group>"; };
		84A6936622633ADE00CD84A2 /* DZRResources.bundle */ = {isa = PBXFileReference; lastKnownFileType = "wrapper.plug-in"; path = DZRResources.bundle; sourceTree = "<group>"; };
		84A6936A2263421700CD84A2 /* bridging-header.h */ = {isa = PBXFileReference; lastKnownFileType = sourcecode.c.h; path = "bridging-header.h"; sourceTree = "<group>"; };
		84A6936B226344C100CD84A2 /* KeyChainManager.swift */ = {isa = PBXFileReference; lastKnownFileType = sourcecode.swift; path = KeyChainManager.swift; sourceTree = "<group>"; };
		84A6936E226345CD00CD84A2 /* DataConvertible.swift */ = {isa = PBXFileReference; lastKnownFileType = sourcecode.swift; path = DataConvertible.swift; sourceTree = "<group>"; };
		84A693702263463700CD84A2 /* DeezerError.swift */ = {isa = PBXFileReference; lastKnownFileType = sourcecode.swift; path = DeezerError.swift; sourceTree = "<group>"; };
		84A69373226346EE00CD84A2 /* DeezerObjectType.swift */ = {isa = PBXFileReference; lastKnownFileType = sourcecode.swift; path = DeezerObjectType.swift; sourceTree = "<group>"; };
		84A6937522634A8200CD84A2 /* AVFoundation.framework */ = {isa = PBXFileReference; lastKnownFileType = wrapper.framework; name = AVFoundation.framework; path = System/Library/Frameworks/AVFoundation.framework; sourceTree = SDKROOT; };
		84A7C942223C5A70000AAB81 /* MusicRoomService.swift */ = {isa = PBXFileReference; lastKnownFileType = sourcecode.swift; path = MusicRoomService.swift; sourceTree = "<group>"; };
		84B35E302270F9B800DD8F6D /* trackCell.swift */ = {isa = PBXFileReference; lastKnownFileType = sourcecode.swift; path = trackCell.swift; sourceTree = "<group>"; };
		84B35E322270F9C200DD8F6D /* trackCell.xib */ = {isa = PBXFileReference; lastKnownFileType = file.xib; path = trackCell.xib; sourceTree = "<group>"; };
		84BCCA74226B7F4E00408A82 /* editPlaylistCell.swift */ = {isa = PBXFileReference; lastKnownFileType = sourcecode.swift; path = editPlaylistCell.swift; sourceTree = "<group>"; };
		84BCCA76226B7F5E00408A82 /* editPlaylistCell.xib */ = {isa = PBXFileReference; lastKnownFileType = file.xib; path = editPlaylistCell.xib; sourceTree = "<group>"; };
		84BCCA78226BBDA500408A82 /* MRPlaylistSettingsViewController.swift */ = {isa = PBXFileReference; lastKnownFileType = sourcecode.swift; path = MRPlaylistSettingsViewController.swift; sourceTree = "<group>"; };
		84C34F62226F702F0053BE2E /* MRUserListViewController.swift */ = {isa = PBXFileReference; lastKnownFileType = sourcecode.swift; path = MRUserListViewController.swift; sourceTree = "<group>"; };
		84C34F64226F9C320053BE2E /* MRUserSearchViewController.swift */ = {isa = PBXFileReference; lastKnownFileType = sourcecode.swift; path = MRUserSearchViewController.swift; sourceTree = "<group>"; };
		84C5CE6D2261E05A00EF474A /* standardCell.swift */ = {isa = PBXFileReference; lastKnownFileType = sourcecode.swift; path = standardCell.swift; sourceTree = "<group>"; };
		84C5CE712261F2C100EF474A /* standardCell.xib */ = {isa = PBXFileReference; lastKnownFileType = file.xib; path = standardCell.xib; sourceTree = "<group>"; };
		84C8353C225E4E89002232DF /* Session.swift */ = {isa = PBXFileReference; lastKnownFileType = sourcecode.swift; path = Session.swift; sourceTree = "<group>"; };
		84CC2646223D21C1002D42C9 /* MusicRoomAuthPlugin.swift */ = {isa = PBXFileReference; lastKnownFileType = sourcecode.swift; path = MusicRoomAuthPlugin.swift; sourceTree = "<group>"; };
		84DF5911226A4FDD004250DE /* HomeDeezerViewController.swift */ = {isa = PBXFileReference; lastKnownFileType = sourcecode.swift; path = HomeDeezerViewController.swift; sourceTree = "<group>"; };
		84DF5913226A543C004250DE /* HomeTabBarController.swift */ = {isa = PBXFileReference; lastKnownFileType = sourcecode.swift; path = HomeTabBarController.swift; sourceTree = "<group>"; };
		84EF07632267A4D7000B6B7B /* playlistCell.swift */ = {isa = PBXFileReference; lastKnownFileType = sourcecode.swift; path = playlistCell.swift; sourceTree = "<group>"; };
		84EF07652267A4EF000B6B7B /* playlistCell.xib */ = {isa = PBXFileReference; lastKnownFileType = file.xib; path = playlistCell.xib; sourceTree = "<group>"; };
		84FDCA4B22787FDE00B923C0 /* LNPopupController.framework */ = {isa = PBXFileReference; explicitFileType = wrapper.framework; path = LNPopupController.framework; sourceTree = BUILT_PRODUCTS_DIR; };
		8E382928B489E6648EEE2D82 /* Pods-MusicRoom.debug.xcconfig */ = {isa = PBXFileReference; includeInIndex = 1; lastKnownFileType = text.xcconfig; name = "Pods-MusicRoom.debug.xcconfig"; path = "Target Support Files/Pods-MusicRoom/Pods-MusicRoom.debug.xcconfig"; sourceTree = "<group>"; };
/* End PBXFileReference section */

/* Begin PBXFrameworksBuildPhase section */
		8411976922397DBD00588A1C /* Frameworks */ = {
			isa = PBXFrameworksBuildPhase;
			buildActionMask = 2147483647;
			files = (
				84FDCA4D227880DE00B923C0 /* LNPopupController.framework in Frameworks */,
				84A6937622634A8200CD84A2 /* AVFoundation.framework in Frameworks */,
				8485D4DF2263332A0020F052 /* MediaPlayer.framework in Frameworks */,
				8485D4DD2263331C0020F052 /* libicucore.tbd in Frameworks */,
				8485D4DB226332D30020F052 /* SystemConfiguration.framework in Frameworks */,
				84A6936722633ADF00CD84A2 /* libDeezer.a in Frameworks */,
				8485D4D9226332CA0020F052 /* AudioToolbox.framework in Frameworks */,
				8485D4D7226332C20020F052 /* CoreAudio.framework in Frameworks */,
				39A30FFF0726F8C735FF5183 /* Pods_MusicRoom.framework in Frameworks */,
			);
			runOnlyForDeploymentPostprocessing = 0;
		};
		8411977D22397DC000588A1C /* Frameworks */ = {
			isa = PBXFrameworksBuildPhase;
			buildActionMask = 2147483647;
			files = (
			);
			runOnlyForDeploymentPostprocessing = 0;
		};
		8411978822397DC000588A1C /* Frameworks */ = {
			isa = PBXFrameworksBuildPhase;
			buildActionMask = 2147483647;
			files = (
			);
			runOnlyForDeploymentPostprocessing = 0;
		};
/* End PBXFrameworksBuildPhase section */

/* Begin PBXGroup section */
		133A5D462271DD7200193930 /* Map */ = {
			isa = PBXGroup;
			children = (
				133A5D472271DD7F00193930 /* Map.storyboard */,
				136C46462270717C006C0796 /* LocationSearchViewController.swift */,
				130A0EC4226F4903002D5882 /* MRSelectLocationViewController.swift */,
				133A5D492271DDCC00193930 /* RouteViewController.swift */,
				133A5D4B227201A700193930 /* NavigationManager+Map.swift */,
				844052E92275FEDC0043615B /* LocationListViewController.swift */,
			);
			path = Map;
			sourceTree = "<group>";
		};
		13C6843D226F3645005D7E90 /* Cell */ = {
			isa = PBXGroup;
			children = (
				13C6843E226F3660005D7E90 /* accountCell.swift */,
				13C68440226F3668005D7E90 /* accountCell.xib */,
			);
			path = Cell;
			sourceTree = "<group>";
		};
		1739FE45803BF9CABD67C4DA /* Pods */ = {
			isa = PBXGroup;
			children = (
				8E382928B489E6648EEE2D82 /* Pods-MusicRoom.debug.xcconfig */,
				77DFB374CC64EAD5E1252278 /* Pods-MusicRoom.release.xcconfig */,
			);
			path = Pods;
			sourceTree = "<group>";
		};
		1DE2C99F8BD4B026EACAB856 /* Frameworks */ = {
			isa = PBXGroup;
			children = (
				84FDCA4B22787FDE00B923C0 /* LNPopupController.framework */,
				843DBD0C227796EB0022E7B8 /* LNPopupController.framework */,
				84A6937522634A8200CD84A2 /* AVFoundation.framework */,
				8485D4DE2263332A0020F052 /* MediaPlayer.framework */,
				8485D4DC2263331B0020F052 /* libicucore.tbd */,
				8485D4DA226332D30020F052 /* SystemConfiguration.framework */,
				8485D4D8226332CA0020F052 /* AudioToolbox.framework */,
				8485D4D6226332C20020F052 /* CoreAudio.framework */,
				8475353A22459C6A00D9EC19 /* LoginKit.framework */,
				8475353822459C3200D9EC19 /* LoginKit.xcodeproj */,
				786ECFACAF68F175856DA16F /* Pods_MusicRoom.framework */,
			);
			name = Frameworks;
			sourceTree = "<group>";
		};
		840052A022626E330018CD1A /* Cell */ = {
			isa = PBXGroup;
			children = (
				84C5CE6D2261E05A00EF474A /* standardCell.swift */,
				84C5CE712261F2C100EF474A /* standardCell.xib */,
			);
			path = Cell;
			sourceTree = "<group>";
		};
		840052A122626E4F0018CD1A /* Playlist */ = {
			isa = PBXGroup;
			children = (
				84565A11226120C3002D22A8 /* PlaylistViewController.swift */,
				84565A0F226120B5002D22A8 /* PlaylistsViewController.swift */,
				841F943522627C0200512484 /* PlaylistModel.swift */,
			);
			path = Playlist;
			sourceTree = "<group>";
		};
		840052A222626ED40018CD1A /* Session */ = {
			isa = PBXGroup;
			children = (
				84C8353C225E4E89002232DF /* Session.swift */,
			);
			path = Session;
			sourceTree = "<group>";
		};
		840052A322626EF90018CD1A /* Models */ = {
			isa = PBXGroup;
			children = (
				840052A422626F060018CD1A /* APIUserModel.swift */,
				841F943722627C3200512484 /* APIPlaylistModel.swift */,
				84A0D9962267C04700EDBC53 /* APITrackModel.swift */,
			);
			path = Models;
			sourceTree = "<group>";
		};
		840A1B1322626BB100393CEF /* Home */ = {
			isa = PBXGroup;
			children = (
				84565A0B2261208F002D22A8 /* LibraryViewController.swift */,
				840052A122626E4F0018CD1A /* Playlist */,
				840052A022626E330018CD1A /* Cell */,
				84922DC42263D6B100BFD717 /* Home.storyboard */,
				8451FABD2265226A00788FC8 /* NavigationManager+Home.swift */,
				84DF5911226A4FDD004250DE /* HomeDeezerViewController.swift */,
				84DF5913226A543C004250DE /* HomeTabBarController.swift */,
			);
			path = Home;
			sourceTree = "<group>";
		};
		840A1B1422626BC800393CEF /* Auth */ = {
			isa = PBXGroup;
			children = (
				847B767C2245802000D81BC2 /* RegistrationViewController.swift */,
				847B767E2245802B00D81BC2 /* LoginViewController.swift */,
				84922DBE2263CF2A00BFD717 /* MusicRoomAuthViewController.swift */,
				84922DC02263CFD200BFD717 /* Auth.storyboard */,
				8451FABB2265224900788FC8 /* NavigationManager+Auth.swift */,
			);
			path = Auth;
			sourceTree = "<group>";
		};
		8411976322397DBD00588A1C = {
			isa = PBXGroup;
			children = (
				8485D3E422631C760020F052 /* DeezerSDKDoc */,
				8411976E22397DBD00588A1C /* MusicRoom */,
				8411976D22397DBD00588A1C /* Products */,
				1DE2C99F8BD4B026EACAB856 /* Frameworks */,
				1739FE45803BF9CABD67C4DA /* Pods */,
			);
			sourceTree = "<group>";
		};
		8411976D22397DBD00588A1C /* Products */ = {
			isa = PBXGroup;
			children = (
				8411976C22397DBD00588A1C /* MusicRoom.app */,
				8411978022397DC000588A1C /* MusicRoomTests.xctest */,
				8411978B22397DC000588A1C /* MusicRoomUITests.xctest */,
			);
			name = Products;
			sourceTree = "<group>";
		};
		8411976E22397DBD00588A1C /* MusicRoom */ = {
			isa = PBXGroup;
			children = (
				846D51792276FDBE00A987BD /* Configs */,
				84A6934522633ADE00CD84A2 /* DeezerSDK */,
				8454DEDB22749D9700B00D1B /* WebSocket */,
				84922D9B22634D5200BFD717 /* Utils */,
				8467E7AC226334EF00A67938 /* Manager */,
				840052A222626ED40018CD1A /* Session */,
				84565A13226122A4002D22A8 /* UI */,
				84C8353E225E5F9D002232DF /* API */,
				8411976F22397DBD00588A1C /* AppDelegate.swift */,
				8411977622397DC000588A1C /* Assets.xcassets */,
			);
			path = MusicRoom;
			sourceTree = "<group>";
		};
		843DBD08227725C00022E7B8 /* Base */ = {
			isa = PBXGroup;
			children = (
				843DBD09227728550022E7B8 /* DeezerTracks.swift */,
				843DBD0F2277B1500022E7B8 /* VoteController.swift */,
			);
			path = Base;
			sourceTree = "<group>";
		};
		8451FAAB22651ABF00788FC8 /* Music Room */ = {
			isa = PBXGroup;
			children = (
				843DBD08227725C00022E7B8 /* Base */,
				84A0D98F2267BD5A00EDBC53 /* Settings */,
				8464BCEA2266853D00A43BBD /* Cell */,
				8451FAAD22651ADA00788FC8 /* MusicRoom.storyboard */,
				8451FAB122651B2200788FC8 /* MRPlaylistViewController.swift */,
				8451FAB522651CE600788FC8 /* NavigationManager+MusicRoom.swift */,
				8451FAB72265211200788FC8 /* MRPlaylistListViewController.swift */,
				84BCCA78226BBDA500408A82 /* MRPlaylistSettingsViewController.swift */,
				84C34F62226F702F0053BE2E /* MRUserListViewController.swift */,
				84C34F64226F9C320053BE2E /* MRUserSearchViewController.swift */,
				843DBD1122782DCC0022E7B8 /* MRPlaylistEditViewController.swift */,
			);
			path = "Music Room";
			sourceTree = "<group>";
		};
		8454DED52274798900B00D1B /* Base */ = {
			isa = PBXGroup;
			children = (
				134A582A2273518700B2D068 /* ListViewController.swift */,
				134A582C227351FE00B2D068 /* Base.storyboard */,
				134A582E227354F200B2D068 /* NavigationManager+Base.swift */,
				8454DED6227479E000B00D1B /* SettingsItem.swift */,
				8454DED9227497AF00B00D1B /* ProcessMoyaResponse.swift */,
			);
			path = Base;
			sourceTree = "<group>";
		};
		8454DEDB22749D9700B00D1B /* WebSocket */ = {
			isa = PBXGroup;
			children = (
				8454DEDE2274A0C900B00D1B /* DataStateController.swift */,
			);
			path = WebSocket;
			sourceTree = "<group>";
		};
		84565A13226122A4002D22A8 /* UI */ = {
			isa = PBXGroup;
			children = (
				8454DED52274798900B00D1B /* Base */,
				133A5D462271DD7200193930 /* Map */,
				8451FAAB22651ABF00788FC8 /* Music Room */,
				84922DC62263DBCA00BFD717 /* Entry */,
				84922DAB2263BB9500BFD717 /* Deezer */,
				840A1B1422626BC800393CEF /* Auth */,
				840A1B1322626BB100393CEF /* Home */,
			);
			path = UI;
			sourceTree = "<group>";
		};
		8464BCEA2266853D00A43BBD /* Cell */ = {
			isa = PBXGroup;
			children = (
				8464BCEB2266854900A43BBD /* keyValueCell.xib */,
				8464BCED2266855900A43BBD /* keyValueCell.swift */,
				84EF07632267A4D7000B6B7B /* playlistCell.swift */,
				84EF07652267A4EF000B6B7B /* playlistCell.xib */,
				84BCCA74226B7F4E00408A82 /* editPlaylistCell.swift */,
				84BCCA76226B7F5E00408A82 /* editPlaylistCell.xib */,
				8423A595226E672400AA4EE1 /* playlistSettingsCell.swift */,
				8423A597226E672D00AA4EE1 /* playlistSettingsCell.xib */,
				136C4648227086B2006C0796 /* addressCell.swift */,
				136C464A227086BD006C0796 /* addressCell.xib */,
				84B35E302270F9B800DD8F6D /* trackCell.swift */,
				84B35E322270F9C200DD8F6D /* trackCell.xib */,
				843DBD13227855730022E7B8 /* editTrackCell.swift */,
				843DBD152278557C0022E7B8 /* editTrackCell.xib */,
			);
			path = Cell;
			sourceTree = "<group>";
		};
		8467E7AC226334EF00A67938 /* Manager */ = {
			isa = PBXGroup;
			children = (
				8467E7AD226334FE00A67938 /* DeezerManager.swift */,
				84A6936B226344C100CD84A2 /* KeyChainManager.swift */,
				84A693702263463700CD84A2 /* DeezerError.swift */,
				84922DA52263523700BFD717 /* NavigationManager.swift */,
				84922DBA2263C1E600BFD717 /* MusicRoomManager.swift */,
				133A5D442271CB2900193930 /* LocationManager.swift */,
			);
			path = Manager;
			sourceTree = "<group>";
		};
		846D51792276FDBE00A987BD /* Configs */ = {
			isa = PBXGroup;
			children = (
				8411977B22397DC000588A1C /* Info.plist */,
				846D517A2276FE3800A987BD /* Debug.xcconfig */,
				846D517B2276FE8F00A987BD /* Release.xcconfig */,
				846D517D2276FF8D00A987BD /* Deezer.xcconfig */,
			);
			path = Configs;
			sourceTree = "<group>";
		};
		8475353C2245A0BF00D9EC19 /* Products */ = {
			isa = PBXGroup;
			children = (
				847535402245A0BF00D9EC19 /* LoginKit.framework */,
			);
			name = Products;
			sourceTree = "<group>";
		};
		847B767822457EF800D81BC2 /* Provider */ = {
			isa = PBXGroup;
			children = (
				84A7C942223C5A70000AAB81 /* MusicRoomService.swift */,
				84CC2646223D21C1002D42C9 /* MusicRoomAuthPlugin.swift */,
				1325142C224289830002315C /* MusicRoomProvider.swift */,
			);
			path = Provider;
			sourceTree = "<group>";
		};
		8485D3E422631C760020F052 /* DeezerSDKDoc */ = {
			isa = PBXGroup;
			children = (
				8485D3E522631C760020F052 /* home.html */,
				8485D3E622631C760020F052 /* menu.html */,
				8485D3E722631C760020F052 /* userguide.pdf */,
			);
			path = DeezerSDKDoc;
			sourceTree = "<group>";
		};
		84922D9B22634D5200BFD717 /* Utils */ = {
			isa = PBXGroup;
			children = (
				84922D9C22634D6100BFD717 /* UIViewControllerExtension.swift */,
				8423A58E226E40A000AA4EE1 /* GradientBackground.swift */,
				841C6FDA226FB75E00628BC5 /* DateExtension.swift */,
				844052ED227646130043615B /* CGPointExtension.swift */,
			);
			path = Utils;
			sourceTree = "<group>";
		};
		84922D9E22634EA400BFD717 /* Base */ = {
			isa = PBXGroup;
			children = (
				84922D9F22634EB700BFD717 /* DeezerObjectTableViewDelegate.swift */,
			);
			path = Base;
			sourceTree = "<group>";
		};
		84922DA12263502200BFD717 /* Model */ = {
			isa = PBXGroup;
			children = (
				84922DA32263503200BFD717 /* DeezerObject.swift */,
			);
			name = Model;
			path = ../../Model;
			sourceTree = "<group>";
		};
		84922DAB2263BB9500BFD717 /* Deezer */ = {
			isa = PBXGroup;
			children = (
				84A6936D226345BE00CD84A2 /* Protocol */,
				84A69372226346AA00CD84A2 /* Enum */,
				84922DA12263502200BFD717 /* Model */,
				84922D9E22634EA400BFD717 /* Base */,
				84922DA7226352A400BFD717 /* DeezerPlayerViewController.swift */,
				84922DA9226376DC00BFD717 /* DeezerObjectListViewController.swift */,
				84922DAF2263BEE600BFD717 /* DeezerSearchViewController.swift */,
				84922DB12263BF0B00BFD717 /* Deezer.storyboard */,
				8451FAB92265221400788FC8 /* NavigationManager+Deezer.swift */,
				13C36AEF227358AA0049D242 /* DeezerTrackOption.swift */,
			);
			path = Deezer;
			sourceTree = "<group>";
		};
		84922DC62263DBCA00BFD717 /* Entry */ = {
			isa = PBXGroup;
			children = (
				8411977322397DBD00588A1C /* Entry.storyboard */,
				84922DBC2263CACE00BFD717 /* EntryViewController.swift */,
			);
			path = Entry;
			sourceTree = "<group>";
		};
		84A0D98F2267BD5A00EDBC53 /* Settings */ = {
			isa = PBXGroup;
			children = (
				13C6843D226F3645005D7E90 /* Cell */,
				8451FAB322651B9400788FC8 /* MusicRoomSettingsViewController.swift */,
				8451FABF2265285600788FC8 /* MusicRoomAccountViewController.swift */,
				8451FAC122652B0600788FC8 /* MusicRoomDeezerSettingsViewController.swift */,
				8451FAC522652BB700788FC8 /* MusicRoomAboutViewController.swift */,
				84A0D9902267BD6C00EDBC53 /* MusicRoomSettings.storyboard */,
				84A0D9922267BE2600EDBC53 /* NavigationManager+MusicRoomSettings.swift */,
			);
			path = Settings;
			sourceTree = "<group>";
		};
		84A6934522633ADE00CD84A2 /* DeezerSDK */ = {
			isa = PBXGroup;
			children = (
				84A6936A2263421700CD84A2 /* bridging-header.h */,
				84A6934622633ADE00CD84A2 /* libDeezer.a */,
				84A6934722633ADE00CD84A2 /* include */,
				84A6936622633ADE00CD84A2 /* DZRResources.bundle */,
			);
			name = DeezerSDK;
			path = ../DeezerSDK;
			sourceTree = "<group>";
		};
		84A6934722633ADE00CD84A2 /* include */ = {
			isa = PBXGroup;
			children = (
				84A6934822633ADE00CD84A2 /* DZRPlaylist.h */,
				84A6934922633ADE00CD84A2 /* Deezer+Compatibility.h */,
				84A6934A22633ADE00CD84A2 /* DeezerConnect+Compatibility.h */,
				84A6934B22633ADE00CD84A2 /* DeezerRequestDelegate.h */,
				84A6934C22633ADE00CD84A2 /* DZRPodcast.h */,
				84A6934D22633ADE00CD84A2 /* DZRArtist.h */,
				84A6934E22633ADE00CD84A2 /* DZREpisode.h */,
				84A6934F22633ADE00CD84A2 /* DZRPlayer.h */,
				84A6935022633ADE00CD84A2 /* NSBundle+DZRBundle.h */,
				84A6935122633ADE00CD84A2 /* DZRObject+Compatibility.h */,
				84A6935222633ADE00CD84A2 /* DZRGenericCancelable.h */,
				84A6935322633ADE00CD84A2 /* DZRModel.h */,
				84A6935422633ADE00CD84A2 /* DZRCancelable.h */,
				84A6935522633ADE00CD84A2 /* DZRObject.h */,
				84A6935622633ADE00CD84A2 /* DZRNetworkRequest.h */,
				84A6935722633ADE00CD84A2 /* DZRManagedRadio.h */,
				84A6935822633ADE00CD84A2 /* NSError+DZRPlayer.h */,
				84A6935922633ADE00CD84A2 /* DZRRequestManager.h */,
				84A6935A22633ADE00CD84A2 /* DZRRadio.h */,
				84A6935B22633ADE00CD84A2 /* DZRUser.h */,
				84A6935C22633ADE00CD84A2 /* DZRTrack.h */,
				84A6935D22633ADE00CD84A2 /* DZRFolder.h */,
				84A6935E22633ADE00CD84A2 /* DZRPlayableArray.h */,
				84A6935F22633ADE00CD84A2 /* DZRComment.h */,
				84A6936022633ADE00CD84A2 /* DeezerConnect.h */,
				84A6936122633ADE00CD84A2 /* DZRGenre.h */,
				84A6936222633ADE00CD84A2 /* NSError+DZRModel.h */,
				84A6936322633ADE00CD84A2 /* DZRAlbum.h */,
				84A6936422633ADE00CD84A2 /* DZREditorial.h */,
				84A6936522633ADE00CD84A2 /* DZRObjectList.h */,
			);
			path = include;
			sourceTree = "<group>";
		};
		84A6936D226345BE00CD84A2 /* Protocol */ = {
			isa = PBXGroup;
			children = (
				84A6936E226345CD00CD84A2 /* DataConvertible.swift */,
			);
			name = Protocol;
			path = ../../Protocol;
			sourceTree = "<group>";
		};
		84A69372226346AA00CD84A2 /* Enum */ = {
			isa = PBXGroup;
			children = (
				84A69373226346EE00CD84A2 /* DeezerObjectType.swift */,
			);
			name = Enum;
			path = ../../Enum;
			sourceTree = "<group>";
		};
		84C8353E225E5F9D002232DF /* API */ = {
			isa = PBXGroup;
			children = (
				840052A322626EF90018CD1A /* Models */,
				847B767822457EF800D81BC2 /* Provider */,
				841F943922627CC500512484 /* API.swift */,
			);
			path = API;
			sourceTree = "<group>";
		};
/* End PBXGroup section */

/* Begin PBXNativeTarget section */
		8411976B22397DBD00588A1C /* MusicRoom */ = {
			isa = PBXNativeTarget;
			buildConfigurationList = 8411979422397DC000588A1C /* Build configuration list for PBXNativeTarget "MusicRoom" */;
			buildPhases = (
				7021D05A9D342DB6D6CEDE0E /* [CP] Check Pods Manifest.lock */,
				8411976822397DBD00588A1C /* Sources */,
				8411976922397DBD00588A1C /* Frameworks */,
				8411976A22397DBD00588A1C /* Resources */,
				37059E6F2EC9186865EAF6C6 /* [CP] Embed Pods Frameworks */,
				84FDCA4F227880DE00B923C0 /* Embed Frameworks */,
			);
			buildRules = (
			);
			dependencies = (
			);
			name = MusicRoom;
			productName = MusicRoom;
			productReference = 8411976C22397DBD00588A1C /* MusicRoom.app */;
			productType = "com.apple.product-type.application";
		};
		8411977F22397DC000588A1C /* MusicRoomTests */ = {
			isa = PBXNativeTarget;
			buildConfigurationList = 8411979722397DC000588A1C /* Build configuration list for PBXNativeTarget "MusicRoomTests" */;
			buildPhases = (
				8411977C22397DC000588A1C /* Sources */,
				8411977D22397DC000588A1C /* Frameworks */,
				8411977E22397DC000588A1C /* Resources */,
			);
			buildRules = (
			);
			dependencies = (
				8411978222397DC000588A1C /* PBXTargetDependency */,
			);
			name = MusicRoomTests;
			productName = MusicRoomTests;
			productReference = 8411978022397DC000588A1C /* MusicRoomTests.xctest */;
			productType = "com.apple.product-type.bundle.unit-test";
		};
		8411978A22397DC000588A1C /* MusicRoomUITests */ = {
			isa = PBXNativeTarget;
			buildConfigurationList = 8411979A22397DC000588A1C /* Build configuration list for PBXNativeTarget "MusicRoomUITests" */;
			buildPhases = (
				8411978722397DC000588A1C /* Sources */,
				8411978822397DC000588A1C /* Frameworks */,
				8411978922397DC000588A1C /* Resources */,
			);
			buildRules = (
			);
			dependencies = (
				8411978D22397DC000588A1C /* PBXTargetDependency */,
			);
			name = MusicRoomUITests;
			productName = MusicRoomUITests;
			productReference = 8411978B22397DC000588A1C /* MusicRoomUITests.xctest */;
			productType = "com.apple.product-type.bundle.ui-testing";
		};
/* End PBXNativeTarget section */

/* Begin PBXProject section */
		8411976422397DBD00588A1C /* Project object */ = {
			isa = PBXProject;
			attributes = {
				LastSwiftUpdateCheck = 1010;
				LastUpgradeCheck = 1010;
				ORGANIZATIONNAME = "Heorhii Shakula";
				TargetAttributes = {
					8411976B22397DBD00588A1C = {
						CreatedOnToolsVersion = 10.1;
						ProvisioningStyle = Automatic;
						SystemCapabilities = {
							com.apple.ApplicationGroups.iOS = {
								enabled = 0;
							};
							com.apple.Keychain = {
								enabled = 0;
							};
						};
					};
					8411977F22397DC000588A1C = {
						CreatedOnToolsVersion = 10.1;
						ProvisioningStyle = Automatic;
						TestTargetID = 8411976B22397DBD00588A1C;
					};
					8411978A22397DC000588A1C = {
						CreatedOnToolsVersion = 10.1;
						ProvisioningStyle = Automatic;
						TestTargetID = 8411976B22397DBD00588A1C;
					};
				};
			};
			buildConfigurationList = 8411976722397DBD00588A1C /* Build configuration list for PBXProject "MusicRoom" */;
			compatibilityVersion = "Xcode 8.0";
			developmentRegion = en;
			hasScannedForEncodings = 0;
			knownRegions = (
				en,
				Base,
			);
			mainGroup = 8411976322397DBD00588A1C;
			productRefGroup = 8411976D22397DBD00588A1C /* Products */;
			projectDirPath = "";
			projectReferences = (
				{
					ProductGroup = 8475353C2245A0BF00D9EC19 /* Products */;
					ProjectRef = 8475353822459C3200D9EC19 /* LoginKit.xcodeproj */;
				},
			);
			projectRoot = "";
			targets = (
				8411976B22397DBD00588A1C /* MusicRoom */,
				8411977F22397DC000588A1C /* MusicRoomTests */,
				8411978A22397DC000588A1C /* MusicRoomUITests */,
			);
		};
/* End PBXProject section */

/* Begin PBXReferenceProxy section */
		847535402245A0BF00D9EC19 /* LoginKit.framework */ = {
			isa = PBXReferenceProxy;
			fileType = wrapper.framework;
			path = LoginKit.framework;
			remoteRef = 8475353F2245A0BF00D9EC19 /* PBXContainerItemProxy */;
			sourceTree = BUILT_PRODUCTS_DIR;
		};
/* End PBXReferenceProxy section */

/* Begin PBXResourcesBuildPhase section */
		8411976A22397DBD00588A1C /* Resources */ = {
			isa = PBXResourcesBuildPhase;
			buildActionMask = 2147483647;
			files = (
				84A0D9912267BD6C00EDBC53 /* MusicRoomSettings.storyboard in Resources */,
				8423A598226E672D00AA4EE1 /* playlistSettingsCell.xib in Resources */,
				8451FAAE22651ADA00788FC8 /* MusicRoom.storyboard in Resources */,
				8464BCEC2266854A00A43BBD /* keyValueCell.xib in Resources */,
				84922DC52263D6B100BFD717 /* Home.storyboard in Resources */,
				843DBD162278557C0022E7B8 /* editTrackCell.xib in Resources */,
				8485D4B522631C7C0020F052 /* userguide.pdf in Resources */,
				84EF07662267A4EF000B6B7B /* playlistCell.xib in Resources */,
				133A5D482271DD7F00193930 /* Map.storyboard in Resources */,
				84922DC12263CFD200BFD717 /* Auth.storyboard in Resources */,
				8485D4B322631C7C0020F052 /* home.html in Resources */,
				8411977722397DC000588A1C /* Assets.xcassets in Resources */,
				134A582D227351FE00B2D068 /* Base.storyboard in Resources */,
				13C68441226F3668005D7E90 /* accountCell.xib in Resources */,
				8485D4B422631C7C0020F052 /* menu.html in Resources */,
				84C5CE722261F2C100EF474A /* standardCell.xib in Resources */,
				84A6936822633ADF00CD84A2 /* DZRResources.bundle in Resources */,
				136C464B227086BD006C0796 /* addressCell.xib in Resources */,
				84BCCA77226B7F5E00408A82 /* editPlaylistCell.xib in Resources */,
				8411977522397DBD00588A1C /* Entry.storyboard in Resources */,
				84B35E332270F9C200DD8F6D /* trackCell.xib in Resources */,
				84922DB22263BF0B00BFD717 /* Deezer.storyboard in Resources */,
			);
			runOnlyForDeploymentPostprocessing = 0;
		};
		8411977E22397DC000588A1C /* Resources */ = {
			isa = PBXResourcesBuildPhase;
			buildActionMask = 2147483647;
			files = (
			);
			runOnlyForDeploymentPostprocessing = 0;
		};
		8411978922397DC000588A1C /* Resources */ = {
			isa = PBXResourcesBuildPhase;
			buildActionMask = 2147483647;
			files = (
			);
			runOnlyForDeploymentPostprocessing = 0;
		};
/* End PBXResourcesBuildPhase section */

/* Begin PBXShellScriptBuildPhase section */
		37059E6F2EC9186865EAF6C6 /* [CP] Embed Pods Frameworks */ = {
			isa = PBXShellScriptBuildPhase;
			buildActionMask = 2147483647;
			files = (
			);
			inputFileListPaths = (
			);
			inputPaths = (
				"${PODS_ROOT}/Target Support Files/Pods-MusicRoom/Pods-MusicRoom-frameworks.sh",
				"${BUILT_PRODUCTS_DIR}/Alamofire/Alamofire.framework",
				"${BUILT_PRODUCTS_DIR}/MarqueeLabel/MarqueeLabel.framework",
				"${BUILT_PRODUCTS_DIR}/Moya/Moya.framework",
				"${BUILT_PRODUCTS_DIR}/NotificationBannerSwift/NotificationBannerSwift.framework",
				"${BUILT_PRODUCTS_DIR}/Result/Result.framework",
				"${BUILT_PRODUCTS_DIR}/Simplicity/Simplicity.framework",
				"${BUILT_PRODUCTS_DIR}/SnapKit/SnapKit.framework",
				"${BUILT_PRODUCTS_DIR}/Starscream/Starscream.framework",
				"${BUILT_PRODUCTS_DIR}/SwipeCellKit/SwipeCellKit.framework",
			);
			name = "[CP] Embed Pods Frameworks";
			outputFileListPaths = (
			);
			outputPaths = (
				"${TARGET_BUILD_DIR}/${FRAMEWORKS_FOLDER_PATH}/Alamofire.framework",
				"${TARGET_BUILD_DIR}/${FRAMEWORKS_FOLDER_PATH}/MarqueeLabel.framework",
				"${TARGET_BUILD_DIR}/${FRAMEWORKS_FOLDER_PATH}/Moya.framework",
				"${TARGET_BUILD_DIR}/${FRAMEWORKS_FOLDER_PATH}/NotificationBannerSwift.framework",
				"${TARGET_BUILD_DIR}/${FRAMEWORKS_FOLDER_PATH}/Result.framework",
				"${TARGET_BUILD_DIR}/${FRAMEWORKS_FOLDER_PATH}/Simplicity.framework",
				"${TARGET_BUILD_DIR}/${FRAMEWORKS_FOLDER_PATH}/SnapKit.framework",
				"${TARGET_BUILD_DIR}/${FRAMEWORKS_FOLDER_PATH}/Starscream.framework",
				"${TARGET_BUILD_DIR}/${FRAMEWORKS_FOLDER_PATH}/SwipeCellKit.framework",
			);
			runOnlyForDeploymentPostprocessing = 0;
			shellPath = /bin/sh;
			shellScript = "\"${PODS_ROOT}/Target Support Files/Pods-MusicRoom/Pods-MusicRoom-frameworks.sh\"\n";
			showEnvVarsInLog = 0;
		};
		7021D05A9D342DB6D6CEDE0E /* [CP] Check Pods Manifest.lock */ = {
			isa = PBXShellScriptBuildPhase;
			buildActionMask = 2147483647;
			files = (
			);
			inputFileListPaths = (
			);
			inputPaths = (
				"${PODS_PODFILE_DIR_PATH}/Podfile.lock",
				"${PODS_ROOT}/Manifest.lock",
			);
			name = "[CP] Check Pods Manifest.lock";
			outputFileListPaths = (
			);
			outputPaths = (
				"$(DERIVED_FILE_DIR)/Pods-MusicRoom-checkManifestLockResult.txt",
			);
			runOnlyForDeploymentPostprocessing = 0;
			shellPath = /bin/sh;
			shellScript = "diff \"${PODS_PODFILE_DIR_PATH}/Podfile.lock\" \"${PODS_ROOT}/Manifest.lock\" > /dev/null\nif [ $? != 0 ] ; then\n    # print error to STDERR\n    echo \"error: The sandbox is not in sync with the Podfile.lock. Run 'pod install' or update your CocoaPods installation.\" >&2\n    exit 1\nfi\n# This output is used by Xcode 'outputs' to avoid re-running this script phase.\necho \"SUCCESS\" > \"${SCRIPT_OUTPUT_FILE_0}\"\n";
			showEnvVarsInLog = 0;
		};
/* End PBXShellScriptBuildPhase section */

/* Begin PBXSourcesBuildPhase section */
		8411976822397DBD00588A1C /* Sources */ = {
			isa = PBXSourcesBuildPhase;
			buildActionMask = 2147483647;
			files = (
				84C34F65226F9C320053BE2E /* MRUserSearchViewController.swift in Sources */,
				847B767F2245802B00D81BC2 /* LoginViewController.swift in Sources */,
				133A5D4A2271DDCC00193930 /* RouteViewController.swift in Sources */,
				84922DAA226376DC00BFD717 /* DeezerObjectListViewController.swift in Sources */,
				84A693712263463700CD84A2 /* DeezerError.swift in Sources */,
				841F943622627C0200512484 /* PlaylistModel.swift in Sources */,
				84565A0C2261208F002D22A8 /* LibraryViewController.swift in Sources */,
				84922DBD2263CACE00BFD717 /* EntryViewController.swift in Sources */,
				136C46472270717C006C0796 /* LocationSearchViewController.swift in Sources */,
				847B767D2245802000D81BC2 /* RegistrationViewController.swift in Sources */,
				84A7C943223C5A70000AAB81 /* MusicRoomService.swift in Sources */,
				8451FABA2265221400788FC8 /* NavigationManager+Deezer.swift in Sources */,
				84565A10226120B5002D22A8 /* PlaylistsViewController.swift in Sources */,
				8411977022397DBD00588A1C /* AppDelegate.swift in Sources */,
				843DBD0A227728550022E7B8 /* DeezerTracks.swift in Sources */,
				8451FAC222652B0600788FC8 /* MusicRoomDeezerSettingsViewController.swift in Sources */,
				841C6FDB226FB75E00628BC5 /* DateExtension.swift in Sources */,
				133A5D452271CB2900193930 /* LocationManager.swift in Sources */,
				13C36AF0227358AA0049D242 /* DeezerTrackOption.swift in Sources */,
				8451FAB622651CE600788FC8 /* NavigationManager+MusicRoom.swift in Sources */,
				134A582F227354F200B2D068 /* NavigationManager+Base.swift in Sources */,
				84922DB02263BEE600BFD717 /* DeezerSearchViewController.swift in Sources */,
				136C4649227086B2006C0796 /* addressCell.swift in Sources */,
				84C5CE6E2261E05A00EF474A /* standardCell.swift in Sources */,
				8451FAB222651B2200788FC8 /* MRPlaylistViewController.swift in Sources */,
				8451FABE2265226A00788FC8 /* NavigationManager+Home.swift in Sources */,
				133A5D4C227201A700193930 /* NavigationManager+Map.swift in Sources */,
				84A0D9932267BE2600EDBC53 /* NavigationManager+MusicRoomSettings.swift in Sources */,
				8451FAC02265285600788FC8 /* MusicRoomAccountViewController.swift in Sources */,
				84922DA022634EB700BFD717 /* DeezerObjectTableViewDelegate.swift in Sources */,
				8451FAB82265211200788FC8 /* MRPlaylistListViewController.swift in Sources */,
				841F943822627C3200512484 /* APIPlaylistModel.swift in Sources */,
				8454DEDF2274A0C900B00D1B /* DataStateController.swift in Sources */,
				8451FAC622652BB700788FC8 /* MusicRoomAboutViewController.swift in Sources */,
				843DBD14227855730022E7B8 /* editTrackCell.swift in Sources */,
				84C34F63226F702F0053BE2E /* MRUserListViewController.swift in Sources */,
				84B35E312270F9B800DD8F6D /* trackCell.swift in Sources */,
				843DBD1222782DCC0022E7B8 /* MRPlaylistEditViewController.swift in Sources */,
				84CC2647223D21C1002D42C9 /* MusicRoomAuthPlugin.swift in Sources */,
				8454DED7227479E000B00D1B /* SettingsItem.swift in Sources */,
				840052A522626F060018CD1A /* APIUserModel.swift in Sources */,
				8423A58F226E40A000AA4EE1 /* GradientBackground.swift in Sources */,
				1325142D224289830002315C /* MusicRoomProvider.swift in Sources */,
				8451FABC2265224900788FC8 /* NavigationManager+Auth.swift in Sources */,
				13C6843F226F3660005D7E90 /* accountCell.swift in Sources */,
				84A6936F226345CD00CD84A2 /* DataConvertible.swift in Sources */,
				84BCCA79226BBDA500408A82 /* MRPlaylistSettingsViewController.swift in Sources */,
				84A69374226346EE00CD84A2 /* DeezerObjectType.swift in Sources */,
				8454DEDA227497AF00B00D1B /* ProcessMoyaResponse.swift in Sources */,
				84922DBB2263C1E600BFD717 /* MusicRoomManager.swift in Sources */,
				84922DBF2263CF2A00BFD717 /* MusicRoomAuthViewController.swift in Sources */,
				84C8353D225E4E89002232DF /* Session.swift in Sources */,
				130A0EC5226F4903002D5882 /* MRSelectLocationViewController.swift in Sources */,
				84922DA62263523700BFD717 /* NavigationManager.swift in Sources */,
				8423A596226E672400AA4EE1 /* playlistSettingsCell.swift in Sources */,
				844052EE227646130043615B /* CGPointExtension.swift in Sources */,
				8467E7AE226334FE00A67938 /* DeezerManager.swift in Sources */,
				84DF5914226A543C004250DE /* HomeTabBarController.swift in Sources */,
				844052EA2275FEDC0043615B /* LocationListViewController.swift in Sources */,
				84922D9D22634D6100BFD717 /* UIViewControllerExtension.swift in Sources */,
				841F943A22627CC500512484 /* API.swift in Sources */,
				84922DA8226352A400BFD717 /* DeezerPlayerViewController.swift in Sources */,
				8451FAB422651B9400788FC8 /* MusicRoomSettingsViewController.swift in Sources */,
				84922DA42263503200BFD717 /* DeezerObject.swift in Sources */,
				843DBD102277B1500022E7B8 /* VoteController.swift in Sources */,
				84565A12226120C3002D22A8 /* PlaylistViewController.swift in Sources */,
				84EF07642267A4D7000B6B7B /* playlistCell.swift in Sources */,
				84A6936C226344C100CD84A2 /* KeyChainManager.swift in Sources */,
				8464BCEE2266855900A43BBD /* keyValueCell.swift in Sources */,
				134A582B2273518700B2D068 /* ListViewController.swift in Sources */,
				84BCCA75226B7F4E00408A82 /* editPlaylistCell.swift in Sources */,
				84A0D9972267C04700EDBC53 /* APITrackModel.swift in Sources */,
				84DF5912226A4FDD004250DE /* HomeDeezerViewController.swift in Sources */,
			);
			runOnlyForDeploymentPostprocessing = 0;
		};
		8411977C22397DC000588A1C /* Sources */ = {
			isa = PBXSourcesBuildPhase;
			buildActionMask = 2147483647;
			files = (
			);
			runOnlyForDeploymentPostprocessing = 0;
		};
		8411978722397DC000588A1C /* Sources */ = {
			isa = PBXSourcesBuildPhase;
			buildActionMask = 2147483647;
			files = (
			);
			runOnlyForDeploymentPostprocessing = 0;
		};
/* End PBXSourcesBuildPhase section */

/* Begin PBXTargetDependency section */
		8411978222397DC000588A1C /* PBXTargetDependency */ = {
			isa = PBXTargetDependency;
			target = 8411976B22397DBD00588A1C /* MusicRoom */;
			targetProxy = 8411978122397DC000588A1C /* PBXContainerItemProxy */;
		};
		8411978D22397DC000588A1C /* PBXTargetDependency */ = {
			isa = PBXTargetDependency;
			target = 8411976B22397DBD00588A1C /* MusicRoom */;
			targetProxy = 8411978C22397DC000588A1C /* PBXContainerItemProxy */;
		};
/* End PBXTargetDependency section */

/* Begin PBXVariantGroup section */
		8411977322397DBD00588A1C /* Entry.storyboard */ = {
			isa = PBXVariantGroup;
			children = (
				8411977422397DBD00588A1C /* Base */,
			);
			name = Entry.storyboard;
			sourceTree = "<group>";
		};
/* End PBXVariantGroup section */

/* Begin XCBuildConfiguration section */
		8411979222397DC000588A1C /* Debug */ = {
			isa = XCBuildConfiguration;
			buildSettings = {
				ALWAYS_SEARCH_USER_PATHS = NO;
				CLANG_ANALYZER_NONNULL = YES;
				CLANG_ANALYZER_NUMBER_OBJECT_CONVERSION = YES_AGGRESSIVE;
				CLANG_CXX_LANGUAGE_STANDARD = "gnu++14";
				CLANG_CXX_LIBRARY = "libc++";
				CLANG_ENABLE_MODULES = YES;
				CLANG_ENABLE_OBJC_ARC = YES;
				CLANG_ENABLE_OBJC_WEAK = YES;
				CLANG_WARN_BLOCK_CAPTURE_AUTORELEASING = YES;
				CLANG_WARN_BOOL_CONVERSION = YES;
				CLANG_WARN_COMMA = YES;
				CLANG_WARN_CONSTANT_CONVERSION = YES;
				CLANG_WARN_DEPRECATED_OBJC_IMPLEMENTATIONS = YES;
				CLANG_WARN_DIRECT_OBJC_ISA_USAGE = YES_ERROR;
				CLANG_WARN_DOCUMENTATION_COMMENTS = YES;
				CLANG_WARN_EMPTY_BODY = YES;
				CLANG_WARN_ENUM_CONVERSION = YES;
				CLANG_WARN_INFINITE_RECURSION = YES;
				CLANG_WARN_INT_CONVERSION = YES;
				CLANG_WARN_NON_LITERAL_NULL_CONVERSION = YES;
				CLANG_WARN_OBJC_IMPLICIT_RETAIN_SELF = YES;
				CLANG_WARN_OBJC_LITERAL_CONVERSION = YES;
				CLANG_WARN_OBJC_ROOT_CLASS = YES_ERROR;
				CLANG_WARN_RANGE_LOOP_ANALYSIS = YES;
				CLANG_WARN_STRICT_PROTOTYPES = YES;
				CLANG_WARN_SUSPICIOUS_MOVE = YES;
				CLANG_WARN_UNGUARDED_AVAILABILITY = YES_AGGRESSIVE;
				CLANG_WARN_UNREACHABLE_CODE = YES;
				CLANG_WARN__DUPLICATE_METHOD_MATCH = YES;
				CODE_SIGN_IDENTITY = "iPhone Developer";
				COPY_PHASE_STRIP = NO;
				DEBUG_INFORMATION_FORMAT = dwarf;
				ENABLE_STRICT_OBJC_MSGSEND = YES;
				ENABLE_TESTABILITY = YES;
				GCC_C_LANGUAGE_STANDARD = gnu11;
				GCC_DYNAMIC_NO_PIC = NO;
				GCC_NO_COMMON_BLOCKS = YES;
				GCC_OPTIMIZATION_LEVEL = 0;
				GCC_PREPROCESSOR_DEFINITIONS = (
					"DEBUG=1",
					"$(inherited)",
				);
				GCC_WARN_64_TO_32_BIT_CONVERSION = YES;
				GCC_WARN_ABOUT_RETURN_TYPE = YES_ERROR;
				GCC_WARN_UNDECLARED_SELECTOR = YES;
				GCC_WARN_UNINITIALIZED_AUTOS = YES_AGGRESSIVE;
				GCC_WARN_UNUSED_FUNCTION = YES;
				GCC_WARN_UNUSED_VARIABLE = YES;
				IPHONEOS_DEPLOYMENT_TARGET = 12.1;
				MTL_ENABLE_DEBUG_INFO = INCLUDE_SOURCE;
				MTL_FAST_MATH = YES;
				ONLY_ACTIVE_ARCH = YES;
				SDKROOT = iphoneos;
				SWIFT_ACTIVE_COMPILATION_CONDITIONS = DEBUG;
				SWIFT_OPTIMIZATION_LEVEL = "-Onone";
			};
			name = Debug;
		};
		8411979322397DC000588A1C /* Release */ = {
			isa = XCBuildConfiguration;
			buildSettings = {
				ALWAYS_SEARCH_USER_PATHS = NO;
				CLANG_ANALYZER_NONNULL = YES;
				CLANG_ANALYZER_NUMBER_OBJECT_CONVERSION = YES_AGGRESSIVE;
				CLANG_CXX_LANGUAGE_STANDARD = "gnu++14";
				CLANG_CXX_LIBRARY = "libc++";
				CLANG_ENABLE_MODULES = YES;
				CLANG_ENABLE_OBJC_ARC = YES;
				CLANG_ENABLE_OBJC_WEAK = YES;
				CLANG_WARN_BLOCK_CAPTURE_AUTORELEASING = YES;
				CLANG_WARN_BOOL_CONVERSION = YES;
				CLANG_WARN_COMMA = YES;
				CLANG_WARN_CONSTANT_CONVERSION = YES;
				CLANG_WARN_DEPRECATED_OBJC_IMPLEMENTATIONS = YES;
				CLANG_WARN_DIRECT_OBJC_ISA_USAGE = YES_ERROR;
				CLANG_WARN_DOCUMENTATION_COMMENTS = YES;
				CLANG_WARN_EMPTY_BODY = YES;
				CLANG_WARN_ENUM_CONVERSION = YES;
				CLANG_WARN_INFINITE_RECURSION = YES;
				CLANG_WARN_INT_CONVERSION = YES;
				CLANG_WARN_NON_LITERAL_NULL_CONVERSION = YES;
				CLANG_WARN_OBJC_IMPLICIT_RETAIN_SELF = YES;
				CLANG_WARN_OBJC_LITERAL_CONVERSION = YES;
				CLANG_WARN_OBJC_ROOT_CLASS = YES_ERROR;
				CLANG_WARN_RANGE_LOOP_ANALYSIS = YES;
				CLANG_WARN_STRICT_PROTOTYPES = YES;
				CLANG_WARN_SUSPICIOUS_MOVE = YES;
				CLANG_WARN_UNGUARDED_AVAILABILITY = YES_AGGRESSIVE;
				CLANG_WARN_UNREACHABLE_CODE = YES;
				CLANG_WARN__DUPLICATE_METHOD_MATCH = YES;
				CODE_SIGN_IDENTITY = "iPhone Developer";
				COPY_PHASE_STRIP = NO;
				DEBUG_INFORMATION_FORMAT = "dwarf-with-dsym";
				ENABLE_NS_ASSERTIONS = NO;
				ENABLE_STRICT_OBJC_MSGSEND = YES;
				GCC_C_LANGUAGE_STANDARD = gnu11;
				GCC_NO_COMMON_BLOCKS = YES;
				GCC_WARN_64_TO_32_BIT_CONVERSION = YES;
				GCC_WARN_ABOUT_RETURN_TYPE = YES_ERROR;
				GCC_WARN_UNDECLARED_SELECTOR = YES;
				GCC_WARN_UNINITIALIZED_AUTOS = YES_AGGRESSIVE;
				GCC_WARN_UNUSED_FUNCTION = YES;
				GCC_WARN_UNUSED_VARIABLE = YES;
				IPHONEOS_DEPLOYMENT_TARGET = 12.1;
				MTL_ENABLE_DEBUG_INFO = NO;
				MTL_FAST_MATH = YES;
				SDKROOT = iphoneos;
				SWIFT_OPTIMIZATION_LEVEL = "-Owholemodule";
				VALIDATE_PRODUCT = YES;
			};
			name = Release;
		};
		8411979522397DC000588A1C /* Debug */ = {
			isa = XCBuildConfiguration;
			baseConfigurationReference = 846D517A2276FE3800A987BD /* Debug.xcconfig */;
			buildSettings = {
				ARCHS = "$(ARCHS_STANDARD)";
				ASSETCATALOG_COMPILER_APPICON_NAME = AppIcon;
				ASSETCATALOG_COMPILER_LAUNCHIMAGE_NAME = LaunchImage;
				CODE_SIGN_IDENTITY = "iPhone Developer";
				CODE_SIGN_STYLE = Automatic;
				DEVELOPMENT_TEAM = 7Q8X9B6G7Z;
				FRAMEWORK_SEARCH_PATHS = (
					"$(inherited)",
					"$(PROJECT_DIR)/Carthage/Build/iOS",
				);
				HEADER_SEARCH_PATHS = (
					"$(SOURCE_DIR)",
					"$(inherited)",
					"\"${PODS_CONFIGURATION_BUILD_DIR}/Alamofire/Alamofire.framework/Headers\"",
					"\"${PODS_CONFIGURATION_BUILD_DIR}/Moya/Moya.framework/Headers\"",
					"\"${PODS_CONFIGURATION_BUILD_DIR}/Result/Result.framework/Headers\"",
				);
				INFOPLIST_FILE = MusicRoom/Configs/Info.plist;
				LD_RUNPATH_SEARCH_PATHS = "$(inherited) @executable_path/Frameworks";
				LIBRARY_SEARCH_PATHS = (
					"$(inherited)",
					"$(DZR_SDK)",
				);
				OTHER_LDFLAGS = (
					"-lDeezer",
					"-ObjC",
					"$(inherited)",
				);
				PRODUCT_BUNDLE_IDENTIFIER = ua.unit.hshakula.MusicRoom;
				PRODUCT_NAME = "$(TARGET_NAME)";
				PROVISIONING_PROFILE_SPECIFIER = "";
				SWIFT_OBJC_BRIDGING_HEADER = "$(DZR_SDK)/bridging-header.h";
				SWIFT_VERSION = 4.2;
				TARGETED_DEVICE_FAMILY = "1,2";
				VALID_ARCHS = "arm64 arm64e";
			};
			name = Debug;
		};
		8411979622397DC000588A1C /* Release */ = {
			isa = XCBuildConfiguration;
			baseConfigurationReference = 846D517B2276FE8F00A987BD /* Release.xcconfig */;
			buildSettings = {
				ARCHS = "$(ARCHS_STANDARD)";
				ASSETCATALOG_COMPILER_APPICON_NAME = AppIcon;
				ASSETCATALOG_COMPILER_LAUNCHIMAGE_NAME = LaunchImage;
				CODE_SIGN_IDENTITY = "iPhone Developer";
				CODE_SIGN_STYLE = Automatic;
				DEVELOPMENT_TEAM = 7Q8X9B6G7Z;
				FRAMEWORK_SEARCH_PATHS = (
					"$(inherited)",
					"$(PROJECT_DIR)/Carthage/Build/iOS",
				);
				HEADER_SEARCH_PATHS = (
					"$(SOURCE_DIR)",
					"$(inherited)",
					"\"${PODS_CONFIGURATION_BUILD_DIR}/Alamofire/Alamofire.framework/Headers\"",
					"\"${PODS_CONFIGURATION_BUILD_DIR}/Moya/Moya.framework/Headers\"",
					"\"${PODS_CONFIGURATION_BUILD_DIR}/Result/Result.framework/Headers\"",
				);
				INFOPLIST_FILE = MusicRoom/Configs/Info.plist;
				LD_RUNPATH_SEARCH_PATHS = "$(inherited) @executable_path/Frameworks";
				LIBRARY_SEARCH_PATHS = (
					"$(inherited)",
					"$(DZR_SDK)",
				);
				OTHER_LDFLAGS = (
					"$(inherited)",
					"-framework",
					"\"Alamofire\"",
					"-framework",
					"\"Foundation\"",
					"-framework",
					"\"MarqueeLabel\"",
					"-framework",
					"\"Moya\"",
					"-framework",
					"\"NotificationBannerSwift\"",
					"-framework",
					"\"QuartzCore\"",
					"-framework",
					"\"Result\"",
					"-framework",
					"\"Simplicity\"",
					"-framework",
					"\"SnapKit\"",
					"-framework",
					"\"Starscream\"",
					"-framework",
					"\"SwipeCellKit\"",
					"-framework",
					"\"UIKit\"",
					"-Objc",
					"-lDeezer",
				);
				PRODUCT_BUNDLE_IDENTIFIER = ua.unit.hshakula.MusicRoom;
				PRODUCT_NAME = "$(TARGET_NAME)";
				PROVISIONING_PROFILE_SPECIFIER = "";
				SWIFT_OBJC_BRIDGING_HEADER = "$(DZR_SDK)/bridging-header.h";
				SWIFT_VERSION = 4.2;
				TARGETED_DEVICE_FAMILY = "1,2";
				VALID_ARCHS = "arm64 arm64e";
			};
			name = Release;
		};
		8411979822397DC000588A1C /* Debug */ = {
			isa = XCBuildConfiguration;
			buildSettings = {
				ALWAYS_EMBED_SWIFT_STANDARD_LIBRARIES = YES;
				BUNDLE_LOADER = "$(TEST_HOST)";
				CODE_SIGN_STYLE = Automatic;
				DEVELOPMENT_TEAM = 6CXT6RVZG5;
				INFOPLIST_FILE = MusicRoomTests/Info.plist;
				LD_RUNPATH_SEARCH_PATHS = "$(inherited) @executable_path/Frameworks @loader_path/Frameworks";
				PRODUCT_BUNDLE_IDENTIFIER = com.hshakula.MusicRoomTests;
				PRODUCT_NAME = "$(TARGET_NAME)";
				SWIFT_VERSION = 4.2;
				TARGETED_DEVICE_FAMILY = "1,2";
				TEST_HOST = "$(BUILT_PRODUCTS_DIR)/MusicRoom.app/MusicRoom";
			};
			name = Debug;
		};
		8411979922397DC000588A1C /* Release */ = {
			isa = XCBuildConfiguration;
			buildSettings = {
				ALWAYS_EMBED_SWIFT_STANDARD_LIBRARIES = YES;
				BUNDLE_LOADER = "$(TEST_HOST)";
				CODE_SIGN_STYLE = Automatic;
				DEVELOPMENT_TEAM = 6CXT6RVZG5;
				INFOPLIST_FILE = MusicRoomTests/Info.plist;
				LD_RUNPATH_SEARCH_PATHS = "$(inherited) @executable_path/Frameworks @loader_path/Frameworks";
				PRODUCT_BUNDLE_IDENTIFIER = com.hshakula.MusicRoomTests;
				PRODUCT_NAME = "$(TARGET_NAME)";
				SWIFT_VERSION = 4.2;
				TARGETED_DEVICE_FAMILY = "1,2";
				TEST_HOST = "$(BUILT_PRODUCTS_DIR)/MusicRoom.app/MusicRoom";
			};
			name = Release;
		};
		8411979B22397DC000588A1C /* Debug */ = {
			isa = XCBuildConfiguration;
			buildSettings = {
				ALWAYS_EMBED_SWIFT_STANDARD_LIBRARIES = YES;
				CODE_SIGN_STYLE = Automatic;
				DEVELOPMENT_TEAM = 6CXT6RVZG5;
				INFOPLIST_FILE = MusicRoomUITests/Info.plist;
				LD_RUNPATH_SEARCH_PATHS = "$(inherited) @executable_path/Frameworks @loader_path/Frameworks";
				PRODUCT_BUNDLE_IDENTIFIER = com.hshakula.MusicRoomUITests;
				PRODUCT_NAME = "$(TARGET_NAME)";
				SWIFT_VERSION = 4.2;
				TARGETED_DEVICE_FAMILY = "1,2";
				TEST_TARGET_NAME = MusicRoom;
			};
			name = Debug;
		};
		8411979C22397DC000588A1C /* Release */ = {
			isa = XCBuildConfiguration;
			buildSettings = {
				ALWAYS_EMBED_SWIFT_STANDARD_LIBRARIES = YES;
				CODE_SIGN_STYLE = Automatic;
				DEVELOPMENT_TEAM = 6CXT6RVZG5;
				INFOPLIST_FILE = MusicRoomUITests/Info.plist;
				LD_RUNPATH_SEARCH_PATHS = "$(inherited) @executable_path/Frameworks @loader_path/Frameworks";
				PRODUCT_BUNDLE_IDENTIFIER = com.hshakula.MusicRoomUITests;
				PRODUCT_NAME = "$(TARGET_NAME)";
				SWIFT_VERSION = 4.2;
				TARGETED_DEVICE_FAMILY = "1,2";
				TEST_TARGET_NAME = MusicRoom;
			};
			name = Release;
		};
/* End XCBuildConfiguration section */

/* Begin XCConfigurationList section */
		8411976722397DBD00588A1C /* Build configuration list for PBXProject "MusicRoom" */ = {
			isa = XCConfigurationList;
			buildConfigurations = (
				8411979222397DC000588A1C /* Debug */,
				8411979322397DC000588A1C /* Release */,
			);
			defaultConfigurationIsVisible = 0;
			defaultConfigurationName = Release;
		};
		8411979422397DC000588A1C /* Build configuration list for PBXNativeTarget "MusicRoom" */ = {
			isa = XCConfigurationList;
			buildConfigurations = (
				8411979522397DC000588A1C /* Debug */,
				8411979622397DC000588A1C /* Release */,
			);
			defaultConfigurationIsVisible = 0;
			defaultConfigurationName = Release;
		};
		8411979722397DC000588A1C /* Build configuration list for PBXNativeTarget "MusicRoomTests" */ = {
			isa = XCConfigurationList;
			buildConfigurations = (
				8411979822397DC000588A1C /* Debug */,
				8411979922397DC000588A1C /* Release */,
			);
			defaultConfigurationIsVisible = 0;
			defaultConfigurationName = Release;
		};
		8411979A22397DC000588A1C /* Build configuration list for PBXNativeTarget "MusicRoomUITests" */ = {
			isa = XCConfigurationList;
			buildConfigurations = (
				8411979B22397DC000588A1C /* Debug */,
				8411979C22397DC000588A1C /* Release */,
			);
			defaultConfigurationIsVisible = 0;
			defaultConfigurationName = Release;
		};
/* End XCConfigurationList section */
	};
	rootObject = 8411976422397DBD00588A1C /* Project object */;
}
